version: 6
environments:
  default:
    channels:
    - url: https://conda.anaconda.org/conda-forge/
    - url: https://conda.anaconda.org/pip/
    packages:
      osx-64:
      - conda: https://conda.anaconda.org/conda-forge/osx-64/aom-3.9.1-hf036a51_0.conda
      - conda: https://conda.anaconda.org/conda-forge/osx-64/black-24.10.0-py313habf4b1d_0.conda
      - conda: https://conda.anaconda.org/conda-forge/osx-64/bzip2-1.0.8-hfdf4475_7.conda
      - conda: https://conda.anaconda.org/conda-forge/osx-64/c-compiler-1.9.0-h09a7c41_0.conda
      - conda: https://conda.anaconda.org/conda-forge/osx-64/ca-certificates-2025.1.31-h8857fd0_0.conda
      - conda: https://conda.anaconda.org/conda-forge/osx-64/cairo-1.18.2-h950ec3b_1.conda
      - conda: https://conda.anaconda.org/conda-forge/osx-64/cctools-1010.6-ha66f10e_3.conda
      - conda: https://conda.anaconda.org/conda-forge/osx-64/cctools_osx-64-1010.6-hd19c6af_3.conda
      - conda: https://conda.anaconda.org/conda-forge/osx-64/clang-18-18.1.8-default_h3571c67_7.conda
      - conda: https://conda.anaconda.org/conda-forge/osx-64/clang-18.1.8-default_h576c50e_7.conda
      - conda: https://conda.anaconda.org/conda-forge/osx-64/clang_impl_osx-64-18.1.8-h6a44ed1_23.conda
      - conda: https://conda.anaconda.org/conda-forge/osx-64/clang_osx-64-18.1.8-h7e5c614_23.conda
      - conda: https://conda.anaconda.org/conda-forge/osx-64/clangxx-18.1.8-default_heb2e8d1_7.conda
      - conda: https://conda.anaconda.org/conda-forge/noarch/click-8.1.8-pyh707e725_0.conda
      - conda: https://conda.anaconda.org/conda-forge/osx-64/compiler-rt-18.1.8-h1020d70_1.conda
      - conda: https://conda.anaconda.org/conda-forge/noarch/compiler-rt_osx-64-18.1.8-hf2b8a54_1.conda
      - conda: https://conda.anaconda.org/conda-forge/osx-64/dav1d-1.2.1-h0dc2134_0.conda
      - conda: https://conda.anaconda.org/conda-forge/osx-64/fluidsynth-2.3.7-h17b9f3b_0.conda
      - conda: https://conda.anaconda.org/conda-forge/noarch/font-ttf-dejavu-sans-mono-2.37-hab24e00_0.tar.bz2
      - conda: https://conda.anaconda.org/conda-forge/noarch/font-ttf-inconsolata-3.000-h77eed37_0.tar.bz2
      - conda: https://conda.anaconda.org/conda-forge/noarch/font-ttf-source-code-pro-2.038-h77eed37_0.tar.bz2
      - conda: https://conda.anaconda.org/conda-forge/noarch/font-ttf-ubuntu-0.83-h77eed37_3.conda
      - conda: https://conda.anaconda.org/conda-forge/osx-64/fontconfig-2.15.0-h37eeddb_1.conda
      - conda: https://conda.anaconda.org/conda-forge/noarch/fonts-conda-ecosystem-1-0.tar.bz2
      - conda: https://conda.anaconda.org/conda-forge/noarch/fonts-conda-forge-1-0.tar.bz2
      - conda: https://conda.anaconda.org/conda-forge/osx-64/freetype-2.12.1-h60636b9_2.conda
      - conda: https://conda.anaconda.org/conda-forge/osx-64/gettext-0.22.5-hdfe23c8_3.conda
      - conda: https://conda.anaconda.org/conda-forge/osx-64/gettext-tools-0.22.5-hdfe23c8_3.conda
      - conda: https://conda.anaconda.org/conda-forge/osx-64/graphite2-1.3.13-h73e2aa4_1003.conda
      - conda: https://conda.anaconda.org/conda-forge/osx-64/harfbuzz-10.2.0-h5b25545_0.conda
      - conda: https://conda.anaconda.org/conda-forge/osx-64/icu-75.1-h120a0e1_0.conda
      - conda: https://conda.anaconda.org/conda-forge/osx-64/lame-3.100-hb7f2c08_1003.tar.bz2
      - conda: https://conda.anaconda.org/conda-forge/osx-64/ld64-951.9-h4e51db5_3.conda
      - conda: https://conda.anaconda.org/conda-forge/osx-64/ld64_osx-64-951.9-h33512f0_3.conda
      - conda: https://conda.anaconda.org/conda-forge/osx-64/lerc-4.0.0-hb486fe8_0.tar.bz2
      - conda: https://conda.anaconda.org/conda-forge/osx-64/libasprintf-0.22.5-hdfe23c8_3.conda
      - conda: https://conda.anaconda.org/conda-forge/osx-64/libasprintf-devel-0.22.5-hdfe23c8_3.conda
      - conda: https://conda.anaconda.org/conda-forge/osx-64/libavif16-1.1.1-h71406da_2.conda
      - conda: https://conda.anaconda.org/conda-forge/osx-64/libclang-cpp18.1-18.1.8-default_h3571c67_7.conda
      - conda: https://conda.anaconda.org/conda-forge/osx-64/libcxx-19.1.7-hf95d169_0.conda
      - conda: https://conda.anaconda.org/conda-forge/osx-64/libcxx-devel-18.1.8-h7c275be_7.conda
      - conda: https://conda.anaconda.org/conda-forge/osx-64/libdeflate-1.23-he65b83e_0.conda
      - conda: https://conda.anaconda.org/conda-forge/osx-64/libexpat-2.6.4-h240833e_0.conda
      - conda: https://conda.anaconda.org/conda-forge/osx-64/libffi-3.4.2-h0d85af4_5.tar.bz2
      - conda: https://conda.anaconda.org/conda-forge/osx-64/libflac-1.4.3-he965462_0.conda
      - conda: https://conda.anaconda.org/conda-forge/osx-64/libgettextpo-0.22.5-hdfe23c8_3.conda
      - conda: https://conda.anaconda.org/conda-forge/osx-64/libgettextpo-devel-0.22.5-hdfe23c8_3.conda
      - conda: https://conda.anaconda.org/conda-forge/osx-64/libglib-2.82.2-h5c976ab_1.conda
      - conda: https://conda.anaconda.org/conda-forge/osx-64/libiconv-1.17-hd75f5a5_2.conda
      - conda: https://conda.anaconda.org/conda-forge/osx-64/libintl-0.22.5-hdfe23c8_3.conda
      - conda: https://conda.anaconda.org/conda-forge/osx-64/libintl-devel-0.22.5-hdfe23c8_3.conda
      - conda: https://conda.anaconda.org/conda-forge/osx-64/libjpeg-turbo-3.0.0-h0dc2134_1.conda
      - conda: https://conda.anaconda.org/conda-forge/osx-64/libllvm18-18.1.8-hc29ff6c_3.conda
      - conda: https://conda.anaconda.org/conda-forge/osx-64/liblzma-5.6.4-hd471939_0.conda
      - conda: https://conda.anaconda.org/conda-forge/osx-64/libmad-0.15.1b-hb7f2c08_1001.conda
      - conda: https://conda.anaconda.org/conda-forge/osx-64/libmpdec-4.0.0-hfdf4475_0.conda
      - conda: https://conda.anaconda.org/conda-forge/osx-64/libogg-1.3.5-hfdf4475_0.conda
      - conda: https://conda.anaconda.org/conda-forge/osx-64/libopus-1.3.1-hc929b4f_1.tar.bz2
      - conda: https://conda.anaconda.org/conda-forge/osx-64/libpng-1.6.46-h3c4a55f_0.conda
      - conda: https://conda.anaconda.org/conda-forge/osx-64/libpython-static-3.13.1-hd0cd83d_105_cp313.conda
      - conda: https://conda.anaconda.org/conda-forge/osx-64/libsndfile-1.2.2-h9603cec_1.conda
      - conda: https://conda.anaconda.org/conda-forge/osx-64/libsqlite-3.48.0-hdb6dae5_1.conda
      - conda: https://conda.anaconda.org/conda-forge/osx-64/libtiff-4.7.0-hb77a491_3.conda
      - conda: https://conda.anaconda.org/conda-forge/osx-64/libvorbis-1.3.7-h046ec9c_0.tar.bz2
      - conda: https://conda.anaconda.org/conda-forge/osx-64/libwebp-base-1.5.0-h6cf52b4_0.conda
      - conda: https://conda.anaconda.org/conda-forge/osx-64/libxml2-2.13.5-hebb159f_1.conda
      - conda: https://conda.anaconda.org/conda-forge/osx-64/libzlib-1.3.1-hd23fc13_2.conda
      - conda: https://conda.anaconda.org/conda-forge/osx-64/llvm-openmp-19.1.7-ha54dae1_0.conda
      - conda: https://conda.anaconda.org/conda-forge/osx-64/llvm-tools-18-18.1.8-hc29ff6c_3.conda
      - conda: https://conda.anaconda.org/conda-forge/osx-64/llvm-tools-18.1.8-hc29ff6c_3.conda
      - conda: https://conda.anaconda.org/conda-forge/osx-64/mpg123-1.32.9-h78e78a4_0.conda
      - conda: https://conda.anaconda.org/conda-forge/noarch/mypy_extensions-1.0.0-pyha770c72_1.conda
      - conda: https://conda.anaconda.org/conda-forge/osx-64/ncurses-6.5-h0622a9a_3.conda
      - conda: https://conda.anaconda.org/conda-forge/osx-64/nuitka-2.6.5-py313hbcc4d51_0.conda
      - conda: https://conda.anaconda.org/conda-forge/osx-64/openssl-3.4.0-hc426f3f_1.conda
      - conda: https://conda.anaconda.org/conda-forge/osx-64/opusfile-0.12-h9cee658_2.conda
      - conda: https://conda.anaconda.org/conda-forge/noarch/ordered-set-4.1.0-pyhd8ed1ab_1.conda
      - conda: https://conda.anaconda.org/conda-forge/noarch/packaging-24.2-pyhd8ed1ab_2.conda
      - conda: https://conda.anaconda.org/conda-forge/noarch/pathspec-0.12.1-pyhd8ed1ab_1.conda
      - conda: https://conda.anaconda.org/conda-forge/osx-64/pcre2-10.44-h7634a1b_2.conda
      - conda: https://conda.anaconda.org/conda-forge/noarch/pixi-pycharm-0.0.8-unix_1234567_0.conda
      - conda: https://conda.anaconda.org/conda-forge/osx-64/pixman-0.44.2-h1fd1274_0.conda
      - conda: https://conda.anaconda.org/conda-forge/noarch/platformdirs-4.3.6-pyhd8ed1ab_1.conda
      - conda: https://conda.anaconda.org/conda-forge/osx-64/portaudio-19.6.0-he965462_9.conda
      - conda: https://conda.anaconda.org/conda-forge/osx-64/portmidi-2.0.4-he5995f1_2.conda
      - conda: https://conda.anaconda.org/conda-forge/osx-64/pygame-2.6.1-py313h5d17a0d_0.conda
      - conda: https://conda.anaconda.org/conda-forge/osx-64/python-3.13.1-h2334245_105_cp313.conda
      - conda: https://conda.anaconda.org/conda-forge/osx-64/python_abi-3.13-5_cp313.conda
      - conda: https://conda.anaconda.org/conda-forge/osx-64/rav1e-0.6.6-h7205ca4_2.conda
      - conda: https://conda.anaconda.org/conda-forge/osx-64/readline-8.2-h9e318b2_1.conda
      - conda: https://conda.anaconda.org/conda-forge/osx-64/sdl2-2.30.10-hc0cb955_0.conda
      - conda: https://conda.anaconda.org/conda-forge/osx-64/sdl2_image-2.8.2-h94d08f3_1.conda
      - conda: https://conda.anaconda.org/conda-forge/osx-64/sdl2_mixer-2.6.3-h4858b17_1.conda
      - conda: https://conda.anaconda.org/conda-forge/osx-64/sdl2_ttf-2.24.0-hbd1a432_0.conda
      - conda: https://conda.anaconda.org/conda-forge/osx-64/sigtool-0.1.3-h88f4db0_0.tar.bz2
      - conda: https://conda.anaconda.org/conda-forge/osx-64/svt-av1-2.3.0-h97d8b74_0.conda
      - conda: https://conda.anaconda.org/conda-forge/osx-64/tapi-1300.6.5-h390ca13_0.conda
      - conda: https://conda.anaconda.org/conda-forge/osx-64/tk-8.6.13-h1abcd95_1.conda
      - conda: https://conda.anaconda.org/conda-forge/noarch/tzdata-2025a-h78e105d_0.conda
      - conda: https://conda.anaconda.org/conda-forge/osx-64/zstd-1.5.6-h915ae27_0.conda
packages:
- conda: https://conda.anaconda.org/conda-forge/osx-64/aom-3.9.1-hf036a51_0.conda
  sha256: 3032f2f55d6eceb10d53217c2a7f43e1eac83603d91e21ce502e8179e63a75f5
  md5: 3f17bc32cb7fcb2b4bf3d8d37f656eb8
  depends:
  - __osx >=10.13
  - libcxx >=16
  license: BSD-2-Clause
  license_family: BSD
  purls: []
  size: 2749186
  timestamp: 1718551450314
- conda: https://conda.anaconda.org/conda-forge/osx-64/black-24.10.0-py313habf4b1d_0.conda
  sha256: 0dd1b46c86daf91275bda0c0033af68d0120bf558df1f17dc6c9115dc98a48f2
  md5: 898f6d094791c8bfeb02be761897165e
  depends:
  - click >=8.0.0
  - mypy_extensions >=0.4.3
  - packaging >=22.0
  - pathspec >=0.9
  - platformdirs >=2
  - python >=3.13,<3.14.0a0
  - python_abi 3.13.* *_cp313
  license: MIT
  license_family: MIT
  purls:
  - pkg:pypi/black?source=hash-mapping
  size: 400395
  timestamp: 1728503832399
- conda: https://conda.anaconda.org/conda-forge/osx-64/bzip2-1.0.8-hfdf4475_7.conda
  sha256: cad153608b81fb24fc8c509357daa9ae4e49dfc535b2cb49b91e23dbd68fc3c5
  md5: 7ed4301d437b59045be7e051a0308211
  depends:
  - __osx >=10.13
  license: bzip2-1.0.6
  license_family: BSD
  purls: []
  size: 134188
  timestamp: 1720974491916
- conda: https://conda.anaconda.org/conda-forge/osx-64/c-compiler-1.9.0-h09a7c41_0.conda
  sha256: 31851c99aa6250be4885bb4a8ee2001e92c710f7fc89eb0947f575cc51405ec4
  md5: ab45badcb5d035d3bddfdbdd96e00967
  depends:
  - cctools >=949.0.1
  - clang_osx-64 18.*
  - ld64 >=530
  - llvm-openmp
  arch: x86_64
  platform: osx
  license: BSD-3-Clause
  license_family: BSD
  size: 6236
  timestamp: 1736437072741
- conda: https://conda.anaconda.org/conda-forge/osx-64/ca-certificates-2025.1.31-h8857fd0_0.conda
  sha256: 42e911ee2d8808eacedbec46d99b03200a6138b8e8a120bd8acabe1cac41c63b
  md5: 3418b6c8cac3e71c0bc089fc5ea53042
  license: ISC
  purls: []
  size: 158408
  timestamp: 1738298385933
- conda: https://conda.anaconda.org/conda-forge/osx-64/cairo-1.18.2-h950ec3b_1.conda
  sha256: ad8c41650e5a10d9177e9d92652d2bd5fe9eefa095ebd4805835c3f067c0202b
  md5: ae293443dff77ba14eab9e9ee68ec833
  depends:
  - __osx >=10.13
  - fontconfig >=2.15.0,<3.0a0
  - fonts-conda-ecosystem
  - freetype >=2.12.1,<3.0a0
  - icu >=75.1,<76.0a0
  - libcxx >=18
  - libexpat >=2.6.4,<3.0a0
  - libglib >=2.82.2,<3.0a0
  - libpng >=1.6.44,<1.7.0a0
  - libzlib >=1.3.1,<2.0a0
  - pixman >=0.44.2,<1.0a0
  license: LGPL-2.1-only or MPL-1.1
  purls: []
  size: 891731
  timestamp: 1733791233860
- conda: https://conda.anaconda.org/conda-forge/osx-64/cctools-1010.6-ha66f10e_3.conda
  sha256: c2fa3a11ab0576ca569f6d4e349c1e4dc9f864fb9f8c85c09a427f7fbd3feb96
  md5: 35dcc7020f26efb8baf60ce6fa0b0c36
  depends:
  - cctools_osx-64 1010.6 hd19c6af_3
  - ld64 951.9 h4e51db5_3
  - libllvm18 >=18.1.8,<18.2.0a0
  arch: x86_64
  platform: osx
  license: APSL-2.0
  license_family: Other
  size: 21297
  timestamp: 1738620872016
- conda: https://conda.anaconda.org/conda-forge/osx-64/cctools_osx-64-1010.6-hd19c6af_3.conda
  sha256: 2694cafb16b591c6c0008b9862c2da45c5b618381aaa229a4b32f71df04cfcc0
  md5: b360b015bfbce96ceecc3e6eb85aed11
  depends:
  - __osx >=10.13
  - ld64_osx-64 >=951.9,<951.10.0a0
  - libcxx
  - libllvm18 >=18.1.8,<18.2.0a0
  - libzlib >=1.3.1,<2.0a0
  - llvm-tools 18.1.*
  - sigtool
  constrains:
  - cctools 1010.6.*
  - ld64 951.9.*
  - clang 18.1.*
  arch: x86_64
  platform: osx
  license: APSL-2.0
  license_family: Other
  size: 1121052
  timestamp: 1738620829929
- conda: https://conda.anaconda.org/conda-forge/osx-64/clang-18.1.8-default_h576c50e_7.conda
  sha256: def6d2facf51e34dca06f3e9063c52fadb096783d7d8d601f309380f14ce5810
  md5: 623987a715f5fb4cbee8f059d91d0397
  depends:
  - clang-18 18.1.8 default_h3571c67_7
  arch: x86_64
  platform: osx
  license: Apache-2.0 WITH LLVM-exception
  license_family: Apache
  size: 71151
  timestamp: 1738270236118
- conda: https://conda.anaconda.org/conda-forge/osx-64/clang-18-18.1.8-default_h3571c67_7.conda
  sha256: 3a74de8af6896d276847332c1a350bab3c1791a13090588463edf4fabf9d424d
  md5: 098293f10df1166408bac04351b917c5
  depends:
  - __osx >=10.13
  - libclang-cpp18.1 18.1.8 default_h3571c67_7
  - libcxx >=18.1.8
  - libllvm18 >=18.1.8,<18.2.0a0
  arch: x86_64
  platform: osx
  license: Apache-2.0 WITH LLVM-exception
  license_family: Apache
  size: 807874
  timestamp: 1738270127631
- conda: https://conda.anaconda.org/conda-forge/osx-64/clang_impl_osx-64-18.1.8-h6a44ed1_23.conda
  sha256: 1b6d10afcfc661500f98c81a3c6bf55a923e75ce74bc404e84c99f030fd647de
  md5: 3f2a260a1febaafa4010aac7c2771c9e
  depends:
  - cctools_osx-64
  - clang 18.1.8.*
  - compiler-rt 18.1.8.*
  - ld64_osx-64
  - llvm-tools 18.1.8.*
  arch: x86_64
  platform: osx
  license: BSD-3-Clause
  license_family: BSD
  size: 17783
  timestamp: 1731984965328
- conda: https://conda.anaconda.org/conda-forge/osx-64/clang_osx-64-18.1.8-h7e5c614_23.conda
  sha256: 07348ac1da6697b72623be27f145c0fbaa03a123244a0289f1c6779a889e8339
  md5: 207116d6cb3762c83661bb49e6976e7d
  depends:
  - clang_impl_osx-64 18.1.8 h6a44ed1_23
  arch: x86_64
  platform: osx
  license: BSD-3-Clause
  license_family: BSD
  size: 21092
  timestamp: 1731984970165
- conda: https://conda.anaconda.org/conda-forge/osx-64/clangxx-18.1.8-default_heb2e8d1_7.conda
  sha256: a1b0a353fbc465034ceafa6dbf3cf6e4ce9be07088bb38e44e30c9ab1265057e
  md5: f2ec690c4ac8d9e6ffbf3be019d68170
  depends:
  - clang 18.1.8 default_h576c50e_7
  - libcxx-devel 18.1.8.*
  arch: x86_64
  platform: osx
  license: Apache-2.0 WITH LLVM-exception
  license_family: Apache
  size: 71187
  timestamp: 1738270260674
- conda: https://conda.anaconda.org/conda-forge/noarch/click-8.1.8-pyh707e725_0.conda
  sha256: c920d23cd1fcf565031c679adb62d848af60d6fbb0edc2d50ba475cea4f0d8ab
  md5: f22f4d4970e09d68a10b922cbb0408d3
  depends:
  - __unix
  - python >=3.9
  license: BSD-3-Clause
  license_family: BSD
  purls:
  - pkg:pypi/click?source=hash-mapping
  size: 84705
  timestamp: 1734858922844
- conda: https://conda.anaconda.org/conda-forge/osx-64/compiler-rt-18.1.8-h1020d70_1.conda
  sha256: 30bd259ad8909c02ee9da8b13bf7c9f6dc0f4d6fa3c5d1cd82213180ca5f9c03
  md5: bc1714a1e73be18e411cff30dc1fe011
  depends:
  - __osx >=10.13
  - clang 18.1.8.*
  - clangxx 18.1.8.*
  - compiler-rt_osx-64 18.1.8.*
  arch: x86_64
  platform: osx
  license: Apache-2.0 WITH LLVM-exception
  license_family: APACHE
  size: 95345
  timestamp: 1725258125808
- conda: https://conda.anaconda.org/conda-forge/noarch/compiler-rt_osx-64-18.1.8-hf2b8a54_1.conda
  sha256: 1230fe22d190002693ba77cf8af754416d6ea7121707b74a7cd8ddc537f98bdb
  md5: 76f906e6bdc58976c5593f650290ae20
  depends:
  - clang 18.1.8.*
  - clangxx 18.1.8.*
  constrains:
  - compiler-rt 18.1.8
  license: Apache-2.0 WITH LLVM-exception
  license_family: APACHE
  size: 10420490
  timestamp: 1725258080385
- conda: https://conda.anaconda.org/conda-forge/osx-64/dav1d-1.2.1-h0dc2134_0.conda
  sha256: ec71a835866b42e946cd2039a5f7a6458851a21890d315476f5e66790ac11c96
  md5: 9d88733c715300a39f8ca2e936b7808d
  license: BSD-2-Clause
  license_family: BSD
  purls: []
  size: 668439
  timestamp: 1685696184631
- conda: https://conda.anaconda.org/conda-forge/osx-64/fluidsynth-2.3.7-h17b9f3b_0.conda
  sha256: 890d71055bd77da391eb5fe61cdc38dbe902461c747f60f683f17f24d342acbd
  md5: de9865fb3f14510e3006132e871f01a0
  depends:
  - __osx >=10.13
  - libcxx >=17
  - libglib >=2.82.2,<3.0a0
  - libsndfile >=1.2.2,<1.3.0a0
  - portaudio >=19.6.0,<19.7.0a0
  - readline >=8.2,<9.0a0
  - sdl2 >=2.30.7,<3.0a0
  license: GPL-2.0-or-later
  license_family: LGPL
  purls: []
  size: 244674
  timestamp: 1729590629462
- conda: https://conda.anaconda.org/conda-forge/noarch/font-ttf-dejavu-sans-mono-2.37-hab24e00_0.tar.bz2
  sha256: 58d7f40d2940dd0a8aa28651239adbf5613254df0f75789919c4e6762054403b
  md5: 0c96522c6bdaed4b1566d11387caaf45
  license: BSD-3-Clause
  license_family: BSD
  purls: []
  size: 397370
  timestamp: 1566932522327
- conda: https://conda.anaconda.org/conda-forge/noarch/font-ttf-inconsolata-3.000-h77eed37_0.tar.bz2
  sha256: c52a29fdac682c20d252facc50f01e7c2e7ceac52aa9817aaf0bb83f7559ec5c
  md5: 34893075a5c9e55cdafac56607368fc6
  license: OFL-1.1
  license_family: Other
  purls: []
  size: 96530
  timestamp: 1620479909603
- conda: https://conda.anaconda.org/conda-forge/noarch/font-ttf-source-code-pro-2.038-h77eed37_0.tar.bz2
  sha256: 00925c8c055a2275614b4d983e1df637245e19058d79fc7dd1a93b8d9fb4b139
  md5: 4d59c254e01d9cde7957100457e2d5fb
  license: OFL-1.1
  license_family: Other
  purls: []
  size: 700814
  timestamp: 1620479612257
- conda: https://conda.anaconda.org/conda-forge/noarch/font-ttf-ubuntu-0.83-h77eed37_3.conda
  sha256: 2821ec1dc454bd8b9a31d0ed22a7ce22422c0aef163c59f49dfdf915d0f0ca14
  md5: 49023d73832ef61042f6a237cb2687e7
  license: LicenseRef-Ubuntu-Font-Licence-Version-1.0
  license_family: Other
  purls: []
  size: 1620504
  timestamp: 1727511233259
- conda: https://conda.anaconda.org/conda-forge/osx-64/fontconfig-2.15.0-h37eeddb_1.conda
  sha256: 61a9aa1d2dd115ffc1ab372966dc8b1ac7b69870e6b1744641da276b31ea5c0b
  md5: 84ccec5ee37eb03dd352db0a3f89ada3
  depends:
  - __osx >=10.13
  - freetype >=2.12.1,<3.0a0
  - libexpat >=2.6.3,<3.0a0
  - libzlib >=1.3.1,<2.0a0
  license: MIT
  license_family: MIT
  purls: []
  size: 232313
  timestamp: 1730283983397
- conda: https://conda.anaconda.org/conda-forge/noarch/fonts-conda-ecosystem-1-0.tar.bz2
  sha256: a997f2f1921bb9c9d76e6fa2f6b408b7fa549edd349a77639c9fe7a23ea93e61
  md5: fee5683a3f04bd15cbd8318b096a27ab
  depends:
  - fonts-conda-forge
  license: BSD-3-Clause
  license_family: BSD
  purls: []
  size: 3667
  timestamp: 1566974674465
- conda: https://conda.anaconda.org/conda-forge/noarch/fonts-conda-forge-1-0.tar.bz2
  sha256: 53f23a3319466053818540bcdf2091f253cbdbab1e0e9ae7b9e509dcaa2a5e38
  md5: f766549260d6815b0c52253f1fb1bb29
  depends:
  - font-ttf-dejavu-sans-mono
  - font-ttf-inconsolata
  - font-ttf-source-code-pro
  - font-ttf-ubuntu
  license: BSD-3-Clause
  license_family: BSD
  purls: []
  size: 4102
  timestamp: 1566932280397
- conda: https://conda.anaconda.org/conda-forge/osx-64/freetype-2.12.1-h60636b9_2.conda
  sha256: b292cf5a25f094eeb4b66e37d99a97894aafd04a5683980852a8cbddccdc8e4e
  md5: 25152fce119320c980e5470e64834b50
  depends:
  - libpng >=1.6.39,<1.7.0a0
  - libzlib >=1.2.13,<2.0.0a0
  license: GPL-2.0-only OR FTL
  purls: []
  size: 599300
  timestamp: 1694616137838
- conda: https://conda.anaconda.org/conda-forge/osx-64/gettext-0.22.5-hdfe23c8_3.conda
  sha256: f68cd35c98394dc322f2695a720b31b77a9cdfe7d5c08ce53bc68c9e3fe4c6ec
  md5: 4e53e0f241c09fcdf674e4a37c0c70e6
  depends:
  - __osx >=10.13
  - gettext-tools 0.22.5 hdfe23c8_3
  - libasprintf 0.22.5 hdfe23c8_3
  - libasprintf-devel 0.22.5 hdfe23c8_3
  - libcxx >=16
  - libgettextpo 0.22.5 hdfe23c8_3
  - libgettextpo-devel 0.22.5 hdfe23c8_3
  - libiconv >=1.17,<2.0a0
  - libintl 0.22.5 hdfe23c8_3
  - libintl-devel 0.22.5 hdfe23c8_3
  license: LGPL-2.1-or-later AND GPL-3.0-or-later
  purls: []
  size: 480155
  timestamp: 1723627002489
- conda: https://conda.anaconda.org/conda-forge/osx-64/gettext-tools-0.22.5-hdfe23c8_3.conda
  sha256: 7fe97828eae5e067b68dd012811e614e057854ed51116bbd2fd2e8d05439ad63
  md5: 70a5bb1505016ebdba1214ba10de0503
  depends:
  - __osx >=10.13
  - libiconv >=1.17,<2.0a0
  - libintl 0.22.5 hdfe23c8_3
  license: GPL-3.0-or-later
  license_family: GPL
  purls: []
  size: 2513986
  timestamp: 1723626957941
- conda: https://conda.anaconda.org/conda-forge/osx-64/graphite2-1.3.13-h73e2aa4_1003.conda
  sha256: b71db966e47cd83b16bfcc2099b8fa87c07286f24a0742078fede4c84314f91a
  md5: fc7124f86e1d359fc5d878accd9e814c
  depends:
  - libcxx >=16
  license: LGPL-2.0-or-later
  license_family: LGPL
  purls: []
  size: 84384
  timestamp: 1711634311095
- conda: https://conda.anaconda.org/conda-forge/osx-64/harfbuzz-10.2.0-h5b25545_0.conda
  sha256: 06253714b6b1541b5e5f695b89d145d60c73968360905aecd312e083f6b9ec6c
  md5: 61e64e76917a6c7f62a405f3c8569592
  depends:
  - __osx >=10.13
  - cairo >=1.18.2,<2.0a0
  - freetype >=2.12.1,<3.0a0
  - graphite2
  - icu >=75.1,<76.0a0
  - libcxx >=18
  - libexpat >=2.6.4,<3.0a0
  - libglib >=2.82.2,<3.0a0
  - libzlib >=1.3.1,<2.0a0
  license: MIT
  license_family: MIT
  purls: []
  size: 1429379
  timestamp: 1736703075945
- conda: https://conda.anaconda.org/conda-forge/osx-64/icu-75.1-h120a0e1_0.conda
  sha256: 2e64307532f482a0929412976c8450c719d558ba20c0962832132fd0d07ba7a7
  md5: d68d48a3060eb5abdc1cdc8e2a3a5966
  depends:
  - __osx >=10.13
  license: MIT
  license_family: MIT
  purls: []
  size: 11761697
  timestamp: 1720853679409
- conda: https://conda.anaconda.org/conda-forge/osx-64/lame-3.100-hb7f2c08_1003.tar.bz2
  sha256: 0f943b08abb4c748d73207594321b53bad47eea3e7d06b6078e0f6c59ce6771e
  md5: 3342b33c9a0921b22b767ed68ee25861
  license: LGPL-2.0-only
  license_family: LGPL
  purls: []
  size: 542681
  timestamp: 1664996421531
- conda: https://conda.anaconda.org/conda-forge/osx-64/ld64-951.9-h4e51db5_3.conda
  sha256: 36e5a42c7aebad58d629c6bc1cb36243653a935e609e03a89b22005aa4ab2ddb
  md5: d1743e343b8e13a4980dac16f050d2b6
  depends:
  - ld64_osx-64 951.9 h33512f0_3
  - libllvm18 >=18.1.8,<18.2.0a0
  constrains:
  - cctools 1010.6.*
  - cctools_osx-64 1010.6.*
  arch: x86_64
  platform: osx
  license: APSL-2.0
  license_family: Other
  size: 18577
  timestamp: 1738620853804
- conda: https://conda.anaconda.org/conda-forge/osx-64/ld64_osx-64-951.9-h33512f0_3.conda
  sha256: 4e6a37e3ea23a3d2f9b25b1b476728be6b5a1bab326fa5a976997698c60f70c0
  md5: f5c97cad6996928bdffc55b8f5e70723
  depends:
  - __osx >=10.13
  - libcxx
  - libllvm18 >=18.1.8,<18.2.0a0
  - sigtool
  - tapi >=1300.6.5,<1301.0a0
  constrains:
  - clang >=18.1.8,<19.0a0
  - ld 951.9.*
  - cctools_osx-64 1010.6.*
  - cctools 1010.6.*
  arch: x86_64
  platform: osx
  license: APSL-2.0
  license_family: Other
  size: 1100751
  timestamp: 1738620763081
- conda: https://conda.anaconda.org/conda-forge/osx-64/lerc-4.0.0-hb486fe8_0.tar.bz2
  sha256: e41790fc0f4089726369b3c7f813117bbc14b533e0ed8b94cf75aba252e82497
  md5: f9d6a4c82889d5ecedec1d90eb673c55
  depends:
  - libcxx >=13.0.1
  license: Apache-2.0
  license_family: Apache
  purls: []
  size: 290319
  timestamp: 1657977526749
- conda: https://conda.anaconda.org/conda-forge/osx-64/libasprintf-0.22.5-hdfe23c8_3.conda
  sha256: 9c6f3e2558e098dbbc63c9884b4af368ea6cc4185ea027563ac4f5ee8571b143
  md5: 55363e1d53635b3497cdf753ab0690c1
  depends:
  - __osx >=10.13
  - libcxx >=16
  license: LGPL-2.1-or-later
  purls: []
  size: 40442
  timestamp: 1723626787726
- conda: https://conda.anaconda.org/conda-forge/osx-64/libasprintf-devel-0.22.5-hdfe23c8_3.conda
  sha256: 408e59cc215b654b292f503d37552d319e71180d33798867975377c28fd3c6b3
  md5: e2ae0568825e62d439a921fdc7f6db64
  depends:
  - __osx >=10.13
  - libasprintf 0.22.5 hdfe23c8_3
  license: LGPL-2.1-or-later
  purls: []
  size: 34522
  timestamp: 1723626838677
- conda: https://conda.anaconda.org/conda-forge/osx-64/libavif16-1.1.1-h71406da_2.conda
  sha256: 8e3d479f13a85ee73c3152704c1d9e0430065f4824bae625f2f35c463c172831
  md5: 804f440fd71e1a903215710826cf98aa
  depends:
  - __osx >=10.13
  - aom >=3.9.1,<3.10.0a0
  - dav1d >=1.2.1,<1.2.2.0a0
  - rav1e >=0.6.6,<1.0a0
  - svt-av1 >=2.3.0,<2.3.1.0a0
  license: BSD-2-Clause
  license_family: BSD
  purls: []
  size: 108913
  timestamp: 1730268731759
- conda: https://conda.anaconda.org/conda-forge/osx-64/libclang-cpp18.1-18.1.8-default_h3571c67_7.conda
  sha256: 81917105ee2f49e85f0abd684696ad9d9a81aef9d825e563e0013fd9a1ccbd23
  md5: d22bdc2b1ecf45631c5aad91f660623a
  depends:
  - __osx >=10.13
  - libcxx >=18.1.8
  - libllvm18 >=18.1.8,<18.2.0a0
  arch: x86_64
  platform: osx
  license: Apache-2.0 WITH LLVM-exception
  license_family: Apache
  size: 13901227
  timestamp: 1738269502537
- conda: https://conda.anaconda.org/conda-forge/osx-64/libcxx-19.1.7-hf95d169_0.conda
  sha256: 6b2fa3fb1e8cd2000b0ed259e0c4e49cbef7b76890157fac3e494bc659a20330
  md5: 4b8f8dc448d814169dbc58fc7286057d
  depends:
  - __osx >=10.13
  license: Apache-2.0 WITH LLVM-exception
  license_family: Apache
  purls: []
  size: 527924
  timestamp: 1736877256721
- conda: https://conda.anaconda.org/conda-forge/osx-64/libcxx-devel-18.1.8-h7c275be_7.conda
  sha256: 5d886a04be00a5a54a81fb040aacd238d0d55d4522c61c7875b675b803c748a3
  md5: 0c389f3214ce8cad37a12cb0bae44c54
  depends:
  - libcxx >=18.1.8
  arch: x86_64
  platform: osx
  license: Apache-2.0 WITH LLVM-exception
  license_family: Apache
  size: 792227
  timestamp: 1725403715206
- conda: https://conda.anaconda.org/conda-forge/osx-64/libdeflate-1.23-he65b83e_0.conda
  sha256: 20c1e685e7409bb82c819ba55b9f7d9a654e8e6d597081581493badb7464520e
  md5: 120f8f7ba6a8defb59f4253447db4bb4
  depends:
  - __osx >=10.13
  license: MIT
  license_family: MIT
  purls: []
  size: 69309
  timestamp: 1734374105905
- conda: https://conda.anaconda.org/conda-forge/osx-64/libexpat-2.6.4-h240833e_0.conda
  sha256: d10f43d0c5df6c8cf55259bce0fe14d2377eed625956cddce06f58827d288c59
  md5: 20307f4049a735a78a29073be1be2626
  depends:
  - __osx >=10.13
  constrains:
  - expat 2.6.4.*
  license: MIT
  license_family: MIT
  purls: []
  size: 70758
  timestamp: 1730967204736
- conda: https://conda.anaconda.org/conda-forge/osx-64/libffi-3.4.2-h0d85af4_5.tar.bz2
  sha256: 7a2d27a936ceee6942ea4d397f9c7d136f12549d86f7617e8b6bad51e01a941f
  md5: ccb34fb14960ad8b125962d3d79b31a9
  license: MIT
  license_family: MIT
  purls: []
  size: 51348
  timestamp: 1636488394370
- conda: https://conda.anaconda.org/conda-forge/osx-64/libflac-1.4.3-he965462_0.conda
  sha256: c79f6cc58ba4a0497e7f31a52244c61dec4c016c4a9ac4ad33fa418dcc47ca52
  md5: 7e330625e51803556425142ca5ccbdd8
  depends:
  - gettext >=0.21.1,<1.0a0
  - libcxx >=15.0.7
  - libogg 1.3.*
  - libogg >=1.3.4,<1.4.0a0
  license: BSD-3-Clause
  license_family: BSD
  purls: []
  size: 356503
  timestamp: 1687765776596
- conda: https://conda.anaconda.org/conda-forge/osx-64/libgettextpo-0.22.5-hdfe23c8_3.conda
  sha256: 8f7631d03a093272a5a8423181ac2c66514503e082e5494a2e942737af8a34ad
  md5: ba6eeccaee150e24a544be8ae71aeca1
  depends:
  - __osx >=10.13
  - libiconv >=1.17,<2.0a0
  - libintl 0.22.5 hdfe23c8_3
  license: GPL-3.0-or-later
  license_family: GPL
  purls: []
  size: 172305
  timestamp: 1723626852373
- conda: https://conda.anaconda.org/conda-forge/osx-64/libgettextpo-devel-0.22.5-hdfe23c8_3.conda
  sha256: 8ea6bcba8c002f547edfd51e27e1e81465c8838033877c56439d20bcbc8f32a3
  md5: efbba22e1657ef214c9ce9105b2ca562
  depends:
  - __osx >=10.13
  - libgettextpo 0.22.5 hdfe23c8_3
  - libiconv >=1.17,<2.0a0
  - libintl 0.22.5 hdfe23c8_3
  license: GPL-3.0-or-later
  license_family: GPL
  purls: []
  size: 36977
  timestamp: 1723626874373
- conda: https://conda.anaconda.org/conda-forge/osx-64/libglib-2.82.2-h5c976ab_1.conda
  sha256: 78fab559eefc52856331462304a4c55c054fa8f0b0feb31ff5496d06c08342ba
  md5: 05e05255a2e9c5e9c1b6322d84b4999b
  depends:
  - __osx >=10.13
  - libffi >=3.4,<4.0a0
  - libiconv >=1.17,<2.0a0
  - libintl >=0.22.5,<1.0a0
  - libzlib >=1.3.1,<2.0a0
  - pcre2 >=10.44,<10.45.0a0
  constrains:
  - glib 2.82.2 *_1
  license: LGPL-2.1-or-later
  purls: []
  size: 3716906
  timestamp: 1737037999440
- conda: https://conda.anaconda.org/conda-forge/osx-64/libiconv-1.17-hd75f5a5_2.conda
  sha256: 23d4923baeca359423a7347c2ed7aaf48c68603df0cf8b87cc94a10b0d4e9a23
  md5: 6c3628d047e151efba7cf08c5e54d1ca
  license: LGPL-2.1-only
  purls: []
  size: 666538
  timestamp: 1702682713201
- conda: https://conda.anaconda.org/conda-forge/osx-64/libintl-0.22.5-hdfe23c8_3.conda
  sha256: 0dbb662440a73e20742f12d88e51785a5a5117b8b150783a032b8818a8c043af
  md5: 52d4d643ed26c07599736326c46bf12f
  depends:
  - __osx >=10.13
  - libiconv >=1.17,<2.0a0
  license: LGPL-2.1-or-later
  purls: []
  size: 88086
  timestamp: 1723626826235
- conda: https://conda.anaconda.org/conda-forge/osx-64/libintl-devel-0.22.5-hdfe23c8_3.conda
  sha256: 4913a20244520d6fae14452910613b652752982193a401482b7d699ee70bb13a
  md5: aeb045f400ec2b068c6c142b16f87c7e
  depends:
  - __osx >=10.13
  - libiconv >=1.17,<2.0a0
  - libintl 0.22.5 hdfe23c8_3
  license: LGPL-2.1-or-later
  purls: []
  size: 38249
  timestamp: 1723626863306
- conda: https://conda.anaconda.org/conda-forge/osx-64/libjpeg-turbo-3.0.0-h0dc2134_1.conda
  sha256: d9572fd1024adc374aae7c247d0f29fdf4b122f1e3586fe62acc18067f40d02f
  md5: 72507f8e3961bc968af17435060b6dd6
  constrains:
  - jpeg <0.0.0a
  license: IJG AND BSD-3-Clause AND Zlib
  purls: []
  size: 579748
  timestamp: 1694475265912
- conda: https://conda.anaconda.org/conda-forge/osx-64/libllvm18-18.1.8-hc29ff6c_3.conda
  sha256: c488d96dcd0b2db0438b9ec7ea92627c1c36aa21491ebcd5cc87a9c58aa0a612
  md5: a04c2fc058fd6b0630c1a2faad322676
  depends:
  - __osx >=10.13
  - libcxx >=18
  - libxml2 >=2.13.5,<3.0a0
  - libzlib >=1.3.1,<2.0a0
  - zstd >=1.5.6,<1.6.0a0
  arch: x86_64
  platform: osx
  license: Apache-2.0 WITH LLVM-exception
  license_family: Apache
  size: 27771340
  timestamp: 1737837075440
- conda: https://conda.anaconda.org/conda-forge/osx-64/liblzma-5.6.4-hd471939_0.conda
  sha256: a895b5b16468a6ed436f022d72ee52a657f9b58214b91fabfab6230e3592a6dd
  md5: db9d7b0152613f097cdb61ccf9f70ef5
  depends:
  - __osx >=10.13
  license: 0BSD
  purls: []
  size: 103749
  timestamp: 1738525448522
- conda: https://conda.anaconda.org/conda-forge/osx-64/libmad-0.15.1b-hb7f2c08_1001.conda
  sha256: 0762abb7682a3ec79d6c38ce64655d4e52255c13b0bc2fb0838126c692b29261
  md5: 376f2c648363753c824a741188b3020b
  license: GPL-2.0-only
  license_family: GPL
  purls: []
  size: 79253
  timestamp: 1670815666123
- conda: https://conda.anaconda.org/conda-forge/osx-64/libmpdec-4.0.0-hfdf4475_0.conda
  sha256: 791be3d30d8e37ec49bcc23eb8f1e1415d911a7c023fa93685f2ea485179e258
  md5: ed625b2e59dff82859c23dd24774156b
  depends:
  - __osx >=10.13
  license: BSD-2-Clause
  license_family: BSD
  purls: []
  size: 76561
  timestamp: 1723817691512
- conda: https://conda.anaconda.org/conda-forge/osx-64/libogg-1.3.5-hfdf4475_0.conda
  sha256: bebf5797e2a278fd2094f2b0c29ccdfc51d400f4736701108a7e544a49705c64
  md5: 7497372c91a31d3e8d64ce3f1a9632e8
  depends:
  - __osx >=10.13
  license: BSD-3-Clause
  license_family: BSD
  purls: []
  size: 203604
  timestamp: 1719301669662
- conda: https://conda.anaconda.org/conda-forge/osx-64/libopus-1.3.1-hc929b4f_1.tar.bz2
  sha256: c126fc225bece591a8f010e95ca7d010ea2d02df9251830bec24a19bf823fc31
  md5: 380b9ea5f6a7a277e6c1ac27d034369b
  license: BSD-3-Clause
  license_family: BSD
  purls: []
  size: 279983
  timestamp: 1606823633642
- conda: https://conda.anaconda.org/conda-forge/osx-64/libpng-1.6.46-h3c4a55f_0.conda
  sha256: a293b883b5b334555c643bb3b076018127d7e49d26d59787392b23effae4a3d9
  md5: 82ecce167bb9c069b12968b7b1bee609
  depends:
  - __osx >=10.13
  - libzlib >=1.3.1,<2.0a0
  license: zlib-acknowledgement
  purls: []
  size: 272958
  timestamp: 1737791101929
- conda: https://conda.anaconda.org/conda-forge/osx-64/libpython-static-3.13.1-hd0cd83d_105_cp313.conda
  build_number: 105
  sha256: 3022768d5db57998d313b02f7d59aca9bbf97495795d7109d74c977576c57206
  md5: 17252b4559597210a6dba1fb4e4c3c10
  depends:
  - __osx >=10.13
  - libcxx >=18
  - python >=3.13,<3.14.0a0 h2334245_105_cp313
  arch: x86_64
  platform: osx
  license: Python-2.0
  size: 11057685
  timestamp: 1736763098796
- conda: https://conda.anaconda.org/conda-forge/osx-64/libsndfile-1.2.2-h9603cec_1.conda
  sha256: d7ef39d30851d7457131bde3b5f3ea84109e54e7256d128649da01b7d9688f50
  md5: 8440dcb1adeceda826729f4244f0fd14
  depends:
  - lame >=3.100,<3.101.0a0
  - libcxx >=15.0.7
  - libflac >=1.4.3,<1.5.0a0
  - libogg >=1.3.4,<1.4.0a0
  - libopus >=1.3.1,<2.0a0
  - libvorbis >=1.3.7,<1.4.0a0
  - mpg123 >=1.32.1,<1.33.0a0
  license: LGPL-2.1-or-later
  license_family: LGPL
  purls: []
  size: 339474
  timestamp: 1695747994735
- conda: https://conda.anaconda.org/conda-forge/osx-64/libsqlite-3.48.0-hdb6dae5_1.conda
  sha256: ccff3309ed7b1561d3bb00f1e4f36d9d1323af998013e3182a13bf0b5dcef4ec
  md5: 6c4d367a4916ea169d614590bdf33b7c
  depends:
  - __osx >=10.13
  - libzlib >=1.3.1,<2.0a0
  license: Unlicense
  purls: []
  size: 926014
  timestamp: 1737565233282
- conda: https://conda.anaconda.org/conda-forge/osx-64/libtiff-4.7.0-hb77a491_3.conda
  sha256: bb50df7cfc1acb11eae63c5f4fdc251d381cda96bf02c086c3202c83a5200032
  md5: 6f2f9df7b093d6b33bc0c334acc7d2d9
  depends:
  - __osx >=10.13
  - lerc >=4.0.0,<5.0a0
  - libcxx >=18
  - libdeflate >=1.23,<1.24.0a0
  - libjpeg-turbo >=3.0.0,<4.0a0
  - liblzma >=5.6.3,<6.0a0
  - libwebp-base >=1.4.0,<2.0a0
  - libzlib >=1.3.1,<2.0a0
  - zstd >=1.5.6,<1.6.0a0
  license: HPND
  purls: []
  size: 400099
  timestamp: 1734398943635
- conda: https://conda.anaconda.org/conda-forge/osx-64/libvorbis-1.3.7-h046ec9c_0.tar.bz2
  sha256: fbcce1005efcd616e452dea07fe34893d8dd13c65628e74920eeb68ac549faf7
  md5: fbbda1fede0aadaa252f6919148c4ce1
  depends:
  - libcxx >=11.0.0
  - libogg >=1.3.4,<1.4.0a0
  license: BSD-3-Clause
  license_family: BSD
  purls: []
  size: 254208
  timestamp: 1610609857389
- conda: https://conda.anaconda.org/conda-forge/osx-64/libwebp-base-1.5.0-h6cf52b4_0.conda
  sha256: 7f110eba04150f1fe5fe297f08fb5b82463eed74d1f068bc67c96637f9c63569
  md5: 5e0cefc99a231ac46ba21e27ae44689f
  depends:
  - __osx >=10.13
  constrains:
  - libwebp 1.5.0
  license: BSD-3-Clause
  license_family: BSD
  purls: []
  size: 357662
  timestamp: 1734777539822
- conda: https://conda.anaconda.org/conda-forge/osx-64/libxml2-2.13.5-hebb159f_1.conda
  sha256: b9332bd8d47a72b7b8fa2ae13c24387ed4f5fd4e1f7ecf0031068c6a755267ae
  md5: 23c629eba5239465a34bca0ed9c0b5d3
  depends:
  - __osx >=10.13
  - icu >=75.1,<76.0a0
  - libiconv >=1.17,<2.0a0
  - liblzma >=5.6.3,<6.0a0
  - libzlib >=1.3.1,<2.0a0
  arch: x86_64
  platform: osx
  license: MIT
  license_family: MIT
  size: 608447
  timestamp: 1733443783886
- conda: https://conda.anaconda.org/conda-forge/osx-64/libzlib-1.3.1-hd23fc13_2.conda
  sha256: 8412f96504fc5993a63edf1e211d042a1fd5b1d51dedec755d2058948fcced09
  md5: 003a54a4e32b02f7355b50a837e699da
  depends:
  - __osx >=10.13
  constrains:
  - zlib 1.3.1 *_2
  license: Zlib
  license_family: Other
  purls: []
  size: 57133
  timestamp: 1727963183990
- conda: https://conda.anaconda.org/conda-forge/osx-64/llvm-openmp-19.1.7-ha54dae1_0.conda
  sha256: b5b06821b0d4143f66ba652ffe6f535696dc3a4096175d9be8b19b1a7350c86d
  md5: 65d08c50518999e69f421838c1d5b91f
  depends:
  - __osx >=10.13
  constrains:
  - openmp 19.1.7|19.1.7.*
  arch: x86_64
  platform: osx
  license: Apache-2.0 WITH LLVM-exception
  license_family: APACHE
  size: 304885
  timestamp: 1736986327031
- conda: https://conda.anaconda.org/conda-forge/osx-64/llvm-tools-18.1.8-hc29ff6c_3.conda
  sha256: 694ec5d1753cfff97785f3833173c1277d0ca0711d7c78ffc1011b40e7842741
  md5: 2585f8254d2ce24399a601e9b4e15652
  depends:
  - __osx >=10.13
  - libllvm18 18.1.8 hc29ff6c_3
  - libxml2 >=2.13.5,<3.0a0
  - libzlib >=1.3.1,<2.0a0
  - llvm-tools-18 18.1.8 hc29ff6c_3
  - zstd >=1.5.6,<1.6.0a0
  constrains:
  - clang       18.1.8
  - llvm        18.1.8
  - clang-tools 18.1.8
  - llvmdev     18.1.8
  arch: x86_64
  platform: osx
  license: Apache-2.0 WITH LLVM-exception
  license_family: Apache
  size: 88081
  timestamp: 1737837724397
- conda: https://conda.anaconda.org/conda-forge/osx-64/llvm-tools-18-18.1.8-hc29ff6c_3.conda
  sha256: 7a302073bd476d19474272471a5ed7ecec935e65fe16bb3f35e3d5d070ce0466
  md5: 61dfcd8dc654e2ca399a214641ab549f
  depends:
  - __osx >=10.13
  - libllvm18 18.1.8 hc29ff6c_3
  - libxml2 >=2.13.5,<3.0a0
  - libzlib >=1.3.1,<2.0a0
  - zstd >=1.5.6,<1.6.0a0
  arch: x86_64
  platform: osx
  license: Apache-2.0 WITH LLVM-exception
  license_family: Apache
  size: 25229705
  timestamp: 1737837655816
- conda: https://conda.anaconda.org/conda-forge/osx-64/mpg123-1.32.9-h78e78a4_0.conda
  sha256: 15e660430e9ed13c98c81c3f0333d6d8aaf1a40f703e2af68973d1c374842e60
  md5: 6bdfebc249f2466c2893bdf6d5faf484
  depends:
  - __osx >=10.13
  - libcxx >=18
  license: LGPL-2.1-only
  license_family: LGPL
  purls: []
  size: 391294
  timestamp: 1730581456153
- conda: https://conda.anaconda.org/conda-forge/noarch/mypy_extensions-1.0.0-pyha770c72_1.conda
  sha256: 1895f47b7d68581a6facde5cb13ab8c2764c2e53a76bd746f8f98910dc4e08fe
  md5: 29097e7ea634a45cc5386b95cac6568f
  depends:
  - python >=3.9
  license: MIT
  license_family: MIT
  purls:
  - pkg:pypi/mypy-extensions?source=hash-mapping
  size: 10854
  timestamp: 1733230986902
- conda: https://conda.anaconda.org/conda-forge/osx-64/ncurses-6.5-h0622a9a_3.conda
  sha256: ea4a5d27ded18443749aefa49dc79f6356da8506d508b5296f60b8d51e0c4bd9
  md5: ced34dd9929f491ca6dab6a2927aff25
  depends:
  - __osx >=10.13
  license: X11 AND BSD-3-Clause
  purls: []
  size: 822259
  timestamp: 1738196181298
- conda: https://conda.anaconda.org/conda-forge/osx-64/nuitka-2.6.5-py313hbcc4d51_0.conda
  sha256: f246b7bc385c21748a509047350b22cbc1be8501fe2d92df92342c77f3e0dedd
  md5: 6a68e3b2feaa21ed4fb86c298205d61d
  depends:
  - c-compiler
  - libpython-static
  - ordered-set
  - python >=3.13,<3.14.0a0
  - python_abi 3.13.* *_cp313
  arch: x86_64
  platform: osx
  license: Apache-2.0
  license_family: Apache
  size: 4302368
  timestamp: 1739527037985
- conda: https://conda.anaconda.org/conda-forge/osx-64/openssl-3.4.0-hc426f3f_1.conda
  sha256: 879a960d586cf8a64131ac0c060ef575cfb8aa9f6813093cba92042a86ee867c
  md5: eaae23dbfc9ec84775097898526c72ea
  depends:
  - __osx >=10.13
  - ca-certificates
  license: Apache-2.0
  license_family: Apache
  purls: []
  size: 2590210
  timestamp: 1736086530077
- conda: https://conda.anaconda.org/conda-forge/osx-64/opusfile-0.12-h9cee658_2.conda
  sha256: b9da5e9b3fb6973077d01bbf27037f67da703356f6af420ed6a91e2ee27053c6
  md5: 767b2583d83accd4325ca0c83df078b1
  depends:
  - libogg >=1.3.4,<1.4.0a0
  - libopus >=1.3.1,<2.0a0
  - openssl >=3.0.7,<4.0a0
  license: BSD-3-Clause
  license_family: BSD
  purls: []
  size: 81991
  timestamp: 1670387671017
- conda: https://conda.anaconda.org/conda-forge/noarch/ordered-set-4.1.0-pyhd8ed1ab_1.conda
  sha256: 5c0afaab3e9746753b34b676b5c639ae323075427068366f7cae5bd7931df67b
  md5: a130daf1699f927040956d3378baf0f2
  depends:
  - python >=3.9
  license: MIT
  license_family: MIT
  size: 13912
  timestamp: 1733928005043
- conda: https://conda.anaconda.org/conda-forge/noarch/packaging-24.2-pyhd8ed1ab_2.conda
  sha256: da157b19bcd398b9804c5c52fc000fcb8ab0525bdb9c70f95beaa0bb42f85af1
  md5: 3bfed7e6228ebf2f7b9eaa47f1b4e2aa
  depends:
  - python >=3.8
  license: Apache-2.0
  license_family: APACHE
  purls:
  - pkg:pypi/packaging?source=hash-mapping
  size: 60164
  timestamp: 1733203368787
- conda: https://conda.anaconda.org/conda-forge/noarch/pathspec-0.12.1-pyhd8ed1ab_1.conda
  sha256: 9f64009cdf5b8e529995f18e03665b03f5d07c0b17445b8badef45bde76249ee
  md5: 617f15191456cc6a13db418a275435e5
  depends:
  - python >=3.9
  license: MPL-2.0
  license_family: MOZILLA
  purls:
  - pkg:pypi/pathspec?source=hash-mapping
  size: 41075
  timestamp: 1733233471940
- conda: https://conda.anaconda.org/conda-forge/osx-64/pcre2-10.44-h7634a1b_2.conda
  sha256: 336057fce69d45e1059f138beb38d60eb87ba858c3ad729ed49d9ecafd23669f
  md5: 58cde0663f487778bcd7a0c8daf50293
  depends:
  - __osx >=10.13
  - bzip2 >=1.0.8,<2.0a0
  - libzlib >=1.3.1,<2.0a0
  license: BSD-3-Clause
  license_family: BSD
  purls: []
  size: 854306
  timestamp: 1723488807216
- conda: https://conda.anaconda.org/conda-forge/noarch/pixi-pycharm-0.0.8-unix_1234567_0.conda
  sha256: 1d59b9dc7d922846f594fc17d9ea034f569d7e6946eaa06a98474bee2f413b66
  md5: 94373edcca5bd8582588c658859b8f70
  depends:
  - __unix
  - python >=3.8
  license: BSD-3-Clause
  license_family: BSD
  purls: []
  size: 8861
  timestamp: 1728816803073
- conda: https://conda.anaconda.org/conda-forge/osx-64/pixman-0.44.2-h1fd1274_0.conda
  sha256: 7e5a9823e7e759355b954037f97d4aa53c26db1d73408571e749f8375b363743
  md5: 9d3ed4c1a6e21051bf4ce53851acdc96
  depends:
  - __osx >=10.13
  - libcxx >=18
  license: MIT
  license_family: MIT
  purls: []
  size: 328548
  timestamp: 1733699069146
- conda: https://conda.anaconda.org/conda-forge/noarch/platformdirs-4.3.6-pyhd8ed1ab_1.conda
  sha256: bb50f6499e8bc1d1a26f17716c97984671121608dc0c3ecd34858112bce59a27
  md5: 577852c7e53901ddccc7e6a9959ddebe
  depends:
  - python >=3.9
  license: MIT
  license_family: MIT
  purls:
  - pkg:pypi/platformdirs?source=hash-mapping
  size: 20448
  timestamp: 1733232756001
- conda: https://conda.anaconda.org/conda-forge/osx-64/portaudio-19.6.0-he965462_9.conda
  sha256: fa568ca8f85dc081f8ef5d84b44ca42b9886327d9c2090d46a4aabaf5a29ccb3
  md5: 433d8393c9d8aa95f38f520416c4eb27
  depends:
  - libcxx >=15.0.7
  license: MIT
  license_family: MIT
  purls: []
  size: 77178
  timestamp: 1693868569418
- conda: https://conda.anaconda.org/conda-forge/osx-64/portmidi-2.0.4-he5995f1_2.conda
  sha256: f5eab1b5870d68259ac6783d85878a59522df4e239bd1a30e8e290c3c6dbe211
  md5: fb596f04d5a6d924e049143fd3170160
  depends:
  - libcxx >=15.0.7
  constrains:
  - __osx >=10.9
  license: MIT
  license_family: MIT
  purls: []
  size: 45847
  timestamp: 1693881868066
- conda: https://conda.anaconda.org/conda-forge/osx-64/pygame-2.6.1-py313h5d17a0d_0.conda
  sha256: d567116de143d836d3362f7935ae7de7140ba58a7c5da8a00fe3aa02d06ee18f
  md5: 47328e7cdad886eb6c694796d4703008
  depends:
  - __osx >=10.13
  - fontconfig >=2.14.2,<3.0a0
  - fonts-conda-ecosystem
  - freetype >=2.12.1,<3.0a0
  - libcxx >=17
  - libjpeg-turbo >=3.0.0,<4.0a0
  - libpng >=1.6.44,<1.7.0a0
  - libzlib >=1.3.1,<2.0a0
  - portmidi >=2.0.4,<3.0a0
  - python >=3.13.0rc2,<3.14.0a0
  - python_abi 3.13.* *_cp313
  - sdl2 >=2.30.7,<3.0a0
  - sdl2_image >=2.8.2,<3.0a0
  - sdl2_mixer >=2.6.3,<3.0a0
  - sdl2_ttf >=2.22.0,<3.0a0
  license: LGPL-2.1-only
  purls:
  - pkg:pypi/pygame?source=hash-mapping
  size: 2825335
  timestamp: 1727636722361
- conda: https://conda.anaconda.org/conda-forge/osx-64/python-3.13.1-h2334245_105_cp313.conda
  build_number: 105
  sha256: a9d224fa69c8b58c8112997f03988de569504c36ba619a08144c47512219e5ad
  md5: c3318c58d14fefd755852e989c991556
  depends:
  - __osx >=10.13
  - bzip2 >=1.0.8,<2.0a0
  - libexpat >=2.6.4,<3.0a0
  - libffi >=3.4,<4.0a0
  - liblzma >=5.6.3,<6.0a0
  - libmpdec >=4.0.0,<5.0a0
  - libsqlite >=3.47.2,<4.0a0
  - libzlib >=1.3.1,<2.0a0
  - ncurses >=6.5,<7.0a0
  - openssl >=3.4.0,<4.0a0
  - python_abi 3.13.* *_cp313
  - readline >=8.2,<9.0a0
  - tk >=8.6.13,<8.7.0a0
  - tzdata
  license: Python-2.0
  purls: []
  size: 13893157
  timestamp: 1736762934457
  python_site_packages_path: lib/python3.13/site-packages
- conda: https://conda.anaconda.org/conda-forge/osx-64/python_abi-3.13-5_cp313.conda
  build_number: 5
  sha256: 075ad768648e88b78d2a94099563b43d3082e7c35979f457164f26d1079b7b5c
  md5: 927a2186f1f997ac018d67c4eece90a6
  constrains:
  - python 3.13.* *_cp313
  license: BSD-3-Clause
  license_family: BSD
  purls: []
  size: 6291
  timestamp: 1723823083064
- conda: https://conda.anaconda.org/conda-forge/osx-64/rav1e-0.6.6-h7205ca4_2.conda
  sha256: 046ac50530590cd2a5d9bcb1e581bdd168e06049230ad3afd8cce2fa71b429d9
  md5: ab03527926f8ce85f84a91fd35520ef2
  license: BSD-2-Clause
  license_family: BSD
  purls: []
  size: 1767853
  timestamp: 1694329738983
- conda: https://conda.anaconda.org/conda-forge/osx-64/readline-8.2-h9e318b2_1.conda
  sha256: 41e7d30a097d9b060037f0c6a2b1d4c4ae7e942c06c943d23f9d481548478568
  md5: f17f77f2acf4d344734bda76829ce14e
  depends:
  - ncurses >=6.3,<7.0a0
  license: GPL-3.0-only
  license_family: GPL
  purls: []
  size: 255870
  timestamp: 1679532707590
- conda: https://conda.anaconda.org/conda-forge/osx-64/sdl2-2.30.10-hc0cb955_0.conda
  sha256: 266ca284df871781bb6f5e3ab3ce241063ce69352ae6cf46fcd83ba9ef20a0f1
  md5: 95539595392feb35a10d38322e13a788
  depends:
  - __osx >=10.13
  - libcxx >=18
  license: Zlib
  purls: []
  size: 1231346
  timestamp: 1733624885899
- conda: https://conda.anaconda.org/conda-forge/osx-64/sdl2_image-2.8.2-h94d08f3_1.conda
  sha256: fb9b06d222c2d444552e5f0eda1c90cbda0e796dfa3ab38775a1e5256e966cb5
  md5: c500eedca82e0c5288095cf224c63b45
  depends:
  - __osx >=10.13
  - libavif16 >=1.0.4,<2.0a0
  - libcxx >=16
  - libjpeg-turbo >=3.0.0,<4.0a0
  - libpng >=1.6.43,<1.7.0a0
  - libtiff >=4.6.0,<4.8.0a0
  - libwebp-base >=1.4.0,<2.0a0
  - libzlib >=1.2.13,<2.0.0a0
  - sdl2 >=2.30.2,<3.0a0
  license: Zlib
  purls: []
  size: 127965
  timestamp: 1716857068820
- conda: https://conda.anaconda.org/conda-forge/osx-64/sdl2_mixer-2.6.3-h4858b17_1.conda
  sha256: 214b63f0ff25c85eb0da044193320d491d971f1115793ccf5c7b04389d256a80
  md5: 3468177d21d1c04740c29b69f49aaba3
  depends:
  - fluidsynth >=2.3.4,<2.4.0a0
  - libcxx >=15.0.7
  - libflac >=1.4.3,<1.5.0a0
  - libmad >=0.15.1b,<0.16.0a0
  - libogg >=1.3.4,<1.4.0a0
  - libvorbis >=1.3.7,<1.4.0a0
  - mpg123 >=1.32.1,<1.33.0a0
  - opusfile >=0.12,<0.13.0a0
  - sdl2 >=2.28.3,<3.0a0
  license: Zlib
  purls: []
  size: 208495
  timestamp: 1695762063445
- conda: https://conda.anaconda.org/conda-forge/osx-64/sdl2_ttf-2.24.0-hbd1a432_0.conda
  sha256: f2f52bd1d0fee47265677cbecd6e831d9baa8a64cfd4a3492004c17f79854a90
  md5: 514c912296ee09c27379f349079dd562
  depends:
  - __osx >=10.13
  - freetype >=2.12.1,<3.0a0
  - harfbuzz >=10.1.0,<11.0a0
  - sdl2 >=2.30.10,<3.0a0
  license: Zlib
  purls: []
  size: 50691
  timestamp: 1736118011505
- conda: https://conda.anaconda.org/conda-forge/osx-64/sigtool-0.1.3-h88f4db0_0.tar.bz2
  sha256: 46fdeadf8f8d725819c4306838cdfd1099cd8fe3e17bd78862a5dfdcd6de61cf
  md5: fbfb84b9de9a6939cb165c02c69b1865
  depends:
  - openssl >=3.0.0,<4.0a0
  arch: x86_64
  platform: osx
  license: MIT
  license_family: MIT
  size: 213817
  timestamp: 1643442169866
- conda: https://conda.anaconda.org/conda-forge/osx-64/svt-av1-2.3.0-h97d8b74_0.conda
  sha256: 8cd3878eb1d31ecf21fe982e6d2ca557787100aed2f0c7fd44d01d504e704e30
  md5: c54053b3d1752308a38a9a8c48ce10da
  depends:
  - __osx >=10.13
  - libcxx >=17
  license: BSD-2-Clause
  license_family: BSD
  purls: []
  size: 2413474
  timestamp: 1730246540736
- conda: https://conda.anaconda.org/conda-forge/osx-64/tapi-1300.6.5-h390ca13_0.conda
  sha256: f97372a1c75b749298cb990405a690527e8004ff97e452ed2c59e4bc6a35d132
  md5: c6ee25eb54accb3f1c8fc39203acfaf1
  depends:
  - __osx >=10.13
  - libcxx >=17.0.0.a0
  - ncurses >=6.5,<7.0a0
  arch: x86_64
  platform: osx
  license: NCSA
  license_family: MIT
  size: 221236
  timestamp: 1725491044729
- conda: https://conda.anaconda.org/conda-forge/osx-64/tk-8.6.13-h1abcd95_1.conda
  sha256: 30412b2e9de4ff82d8c2a7e5d06a15f4f4fef1809a72138b6ccb53a33b26faf5
  md5: bf830ba5afc507c6232d4ef0fb1a882d
  depends:
  - libzlib >=1.2.13,<2.0.0a0
  license: TCL
  license_family: BSD
  purls: []
  size: 3270220
  timestamp: 1699202389792
- conda: https://conda.anaconda.org/conda-forge/noarch/tzdata-2025a-h78e105d_0.conda
  sha256: c4b1ae8a2931fe9b274c44af29c5475a85b37693999f8c792dad0f8c6734b1de
  md5: dbcace4706afdfb7eb891f7b37d07c04
  license: LicenseRef-Public-Domain
  purls: []
  size: 122921
  timestamp: 1737119101255
- conda: https://conda.anaconda.org/conda-forge/osx-64/zstd-1.5.6-h915ae27_0.conda
  sha256: efa04a98cb149643fa54c4dad5a0179e36a5fbc88427ea0eec88ceed87fd0f96
  md5: 4cb2cd56f039b129bb0e491c1164167e
  depends:
  - __osx >=10.9
  - libzlib >=1.2.13,<2.0.0a0
  license: BSD-3-Clause
  license_family: BSD
  purls: []
  size: 498900
  timestamp: 1714723303098
