version: 6
environments:
  default:
    channels:
    - url: https://conda.anaconda.org/conda-forge/
    - url: https://conda.anaconda.org/pip/
    indexes:
    - https://pypi.org/simple
    packages:
      osx-64:
      - conda: https://conda.anaconda.org/conda-forge/osx-64/black-24.10.0-py313habf4b1d_0.conda
      - conda: https://conda.anaconda.org/conda-forge/osx-64/bzip2-1.0.8-hfdf4475_7.conda
      - conda: https://conda.anaconda.org/conda-forge/osx-64/c-compiler-1.9.0-h09a7c41_0.conda
      - conda: https://conda.anaconda.org/conda-forge/osx-64/ca-certificates-2025.1.31-h8857fd0_0.conda
      - conda: https://conda.anaconda.org/conda-forge/osx-64/cctools-1010.6-ha66f10e_3.conda
      - conda: https://conda.anaconda.org/conda-forge/osx-64/cctools_osx-64-1010.6-hd19c6af_3.conda
      - conda: https://conda.anaconda.org/conda-forge/osx-64/clang-18-18.1.8-default_h3571c67_7.conda
      - conda: https://conda.anaconda.org/conda-forge/osx-64/clang-18.1.8-default_h576c50e_7.conda
      - conda: https://conda.anaconda.org/conda-forge/osx-64/clang_impl_osx-64-18.1.8-h6a44ed1_23.conda
      - conda: https://conda.anaconda.org/conda-forge/osx-64/clang_osx-64-18.1.8-h7e5c614_23.conda
      - conda: https://conda.anaconda.org/conda-forge/osx-64/clangxx-18.1.8-default_heb2e8d1_7.conda
      - conda: https://conda.anaconda.org/conda-forge/noarch/click-8.1.8-pyh707e725_0.conda
      - conda: https://conda.anaconda.org/conda-forge/osx-64/compiler-rt-18.1.8-h1020d70_1.conda
      - conda: https://conda.anaconda.org/conda-forge/noarch/compiler-rt_osx-64-18.1.8-hf2b8a54_1.conda
      - conda: https://conda.anaconda.org/conda-forge/osx-64/icu-75.1-h120a0e1_0.conda
      - conda: https://conda.anaconda.org/conda-forge/osx-64/ld64-951.9-h4e51db5_3.conda
      - conda: https://conda.anaconda.org/conda-forge/osx-64/ld64_osx-64-951.9-h33512f0_3.conda
      - conda: https://conda.anaconda.org/conda-forge/osx-64/libclang-cpp18.1-18.1.8-default_h3571c67_7.conda
      - conda: https://conda.anaconda.org/conda-forge/osx-64/libcxx-19.1.7-hf95d169_0.conda
      - conda: https://conda.anaconda.org/conda-forge/osx-64/libcxx-devel-18.1.8-h7c275be_7.conda
      - conda: https://conda.anaconda.org/conda-forge/osx-64/libexpat-2.6.4-h240833e_0.conda
      - conda: https://conda.anaconda.org/conda-forge/osx-64/libffi-3.4.6-h281671d_0.conda
      - conda: https://conda.anaconda.org/conda-forge/osx-64/libiconv-1.18-h4b5e92a_0.conda
      - conda: https://conda.anaconda.org/conda-forge/osx-64/libllvm18-18.1.8-hc29ff6c_3.conda
      - conda: https://conda.anaconda.org/conda-forge/osx-64/liblzma-5.6.4-hd471939_0.conda
      - conda: https://conda.anaconda.org/conda-forge/osx-64/libmpdec-4.0.0-hfdf4475_0.conda
      - conda: https://conda.anaconda.org/conda-forge/osx-64/libpython-static-3.13.2-hd0cd83d_101_cp313.conda
      - conda: https://conda.anaconda.org/conda-forge/osx-64/libsqlite-3.49.1-hdb6dae5_0.conda
      - conda: https://conda.anaconda.org/conda-forge/osx-64/libxml2-2.13.5-hebb159f_1.conda
      - conda: https://conda.anaconda.org/conda-forge/osx-64/libzlib-1.3.1-hd23fc13_2.conda
      - conda: https://conda.anaconda.org/conda-forge/osx-64/llvm-openmp-19.1.7-ha54dae1_0.conda
      - conda: https://conda.anaconda.org/conda-forge/osx-64/llvm-tools-18-18.1.8-hc29ff6c_3.conda
      - conda: https://conda.anaconda.org/conda-forge/osx-64/llvm-tools-18.1.8-hc29ff6c_3.conda
      - conda: https://conda.anaconda.org/conda-forge/noarch/mypy_extensions-1.0.0-pyha770c72_1.conda
      - conda: https://conda.anaconda.org/conda-forge/osx-64/ncurses-6.5-h0622a9a_3.conda
      - conda: https://conda.anaconda.org/conda-forge/osx-64/nuitka-2.6.6-py313hbcc4d51_0.conda
      - conda: https://conda.anaconda.org/conda-forge/osx-64/openssl-3.4.1-hc426f3f_0.conda
      - conda: https://conda.anaconda.org/conda-forge/noarch/ordered-set-4.1.0-pyhd8ed1ab_1.conda
      - conda: https://conda.anaconda.org/conda-forge/noarch/packaging-24.2-pyhd8ed1ab_2.conda
      - conda: https://conda.anaconda.org/conda-forge/noarch/pathspec-0.12.1-pyhd8ed1ab_1.conda
      - conda: https://conda.anaconda.org/conda-forge/noarch/pixi-pycharm-0.0.8-unix_1234567_0.conda
      - conda: https://conda.anaconda.org/conda-forge/noarch/platformdirs-4.3.6-pyhd8ed1ab_1.conda
      - conda: https://conda.anaconda.org/conda-forge/osx-64/python-3.13.2-h534c281_101_cp313.conda
      - conda: https://conda.anaconda.org/conda-forge/osx-64/python_abi-3.13-5_cp313.conda
      - conda: https://conda.anaconda.org/conda-forge/osx-64/readline-8.2-h9e318b2_1.conda
      - conda: https://conda.anaconda.org/conda-forge/osx-64/sigtool-0.1.3-h88f4db0_0.tar.bz2
      - conda: https://conda.anaconda.org/conda-forge/osx-64/tapi-1300.6.5-h390ca13_0.conda
      - conda: https://conda.anaconda.org/conda-forge/osx-64/tk-8.6.13-h1abcd95_1.conda
      - conda: https://conda.anaconda.org/conda-forge/noarch/tzdata-2025a-h78e105d_0.conda
      - conda: https://conda.anaconda.org/conda-forge/osx-64/zstd-1.5.6-h915ae27_0.conda
      - pypi: https://files.pythonhosted.org/packages/2c/10/85e3a06b5b3dee5770e3ccb1d78ef629a4d220df14c5ca95774b30562241/pygame_ce-2.5.3-cp313-cp313-macosx_10_13_x86_64.whl
packages:
- conda: https://conda.anaconda.org/conda-forge/osx-64/black-24.10.0-py313habf4b1d_0.conda
  sha256: 0dd1b46c86daf91275bda0c0033af68d0120bf558df1f17dc6c9115dc98a48f2
  md5: 898f6d094791c8bfeb02be761897165e
  depends:
  - click >=8.0.0
  - mypy_extensions >=0.4.3
  - packaging >=22.0
  - pathspec >=0.9
  - platformdirs >=2
  - python >=3.13,<3.14.0a0
  - python_abi 3.13.* *_cp313
  license: MIT
  license_family: MIT
  purls:
  - pkg:pypi/black?source=hash-mapping
  size: 400395
  timestamp: 1728503832399
- conda: https://conda.anaconda.org/conda-forge/osx-64/bzip2-1.0.8-hfdf4475_7.conda
  sha256: cad153608b81fb24fc8c509357daa9ae4e49dfc535b2cb49b91e23dbd68fc3c5
  md5: 7ed4301d437b59045be7e051a0308211
  depends:
  - __osx >=10.13
  license: bzip2-1.0.6
  license_family: BSD
  purls: []
  size: 134188
  timestamp: 1720974491916
- conda: https://conda.anaconda.org/conda-forge/osx-64/c-compiler-1.9.0-h09a7c41_0.conda
  sha256: 31851c99aa6250be4885bb4a8ee2001e92c710f7fc89eb0947f575cc51405ec4
  md5: ab45badcb5d035d3bddfdbdd96e00967
  depends:
  - cctools >=949.0.1
  - clang_osx-64 18.*
  - ld64 >=530
  - llvm-openmp
  license: BSD-3-Clause
  license_family: BSD
  purls: []
  size: 6236
  timestamp: 1736437072741
- conda: https://conda.anaconda.org/conda-forge/osx-64/ca-certificates-2025.1.31-h8857fd0_0.conda
  sha256: 42e911ee2d8808eacedbec46d99b03200a6138b8e8a120bd8acabe1cac41c63b
  md5: 3418b6c8cac3e71c0bc089fc5ea53042
  license: ISC
  purls: []
  size: 158408
  timestamp: 1738298385933
- conda: https://conda.anaconda.org/conda-forge/osx-64/cctools-1010.6-ha66f10e_3.conda
  sha256: c2fa3a11ab0576ca569f6d4e349c1e4dc9f864fb9f8c85c09a427f7fbd3feb96
  md5: 35dcc7020f26efb8baf60ce6fa0b0c36
  depends:
  - cctools_osx-64 1010.6 hd19c6af_3
  - ld64 951.9 h4e51db5_3
  - libllvm18 >=18.1.8,<18.2.0a0
  license: APSL-2.0
  license_family: Other
  purls: []
  size: 21297
  timestamp: 1738620872016
- conda: https://conda.anaconda.org/conda-forge/osx-64/cctools_osx-64-1010.6-hd19c6af_3.conda
  sha256: 2694cafb16b591c6c0008b9862c2da45c5b618381aaa229a4b32f71df04cfcc0
  md5: b360b015bfbce96ceecc3e6eb85aed11
  depends:
  - __osx >=10.13
  - ld64_osx-64 >=951.9,<951.10.0a0
  - libcxx
  - libllvm18 >=18.1.8,<18.2.0a0
  - libzlib >=1.3.1,<2.0a0
  - llvm-tools 18.1.*
  - sigtool
  constrains:
  - cctools 1010.6.*
  - ld64 951.9.*
  - clang 18.1.*
  license: APSL-2.0
  license_family: Other
  purls: []
  size: 1121052
  timestamp: 1738620829929
- conda: https://conda.anaconda.org/conda-forge/osx-64/clang-18.1.8-default_h576c50e_7.conda
  sha256: def6d2facf51e34dca06f3e9063c52fadb096783d7d8d601f309380f14ce5810
  md5: 623987a715f5fb4cbee8f059d91d0397
  depends:
  - clang-18 18.1.8 default_h3571c67_7
  license: Apache-2.0 WITH LLVM-exception
  license_family: Apache
  purls: []
  size: 71151
  timestamp: 1738270236118
- conda: https://conda.anaconda.org/conda-forge/osx-64/clang-18-18.1.8-default_h3571c67_7.conda
  sha256: 3a74de8af6896d276847332c1a350bab3c1791a13090588463edf4fabf9d424d
  md5: 098293f10df1166408bac04351b917c5
  depends:
  - __osx >=10.13
  - libclang-cpp18.1 18.1.8 default_h3571c67_7
  - libcxx >=18.1.8
  - libllvm18 >=18.1.8,<18.2.0a0
  license: Apache-2.0 WITH LLVM-exception
  license_family: Apache
  purls: []
  size: 807874
  timestamp: 1738270127631
- conda: https://conda.anaconda.org/conda-forge/osx-64/clang_impl_osx-64-18.1.8-h6a44ed1_23.conda
  sha256: 1b6d10afcfc661500f98c81a3c6bf55a923e75ce74bc404e84c99f030fd647de
  md5: 3f2a260a1febaafa4010aac7c2771c9e
  depends:
  - cctools_osx-64
  - clang 18.1.8.*
  - compiler-rt 18.1.8.*
  - ld64_osx-64
  - llvm-tools 18.1.8.*
  license: BSD-3-Clause
  license_family: BSD
  purls: []
  size: 17783
  timestamp: 1731984965328
- conda: https://conda.anaconda.org/conda-forge/osx-64/clang_osx-64-18.1.8-h7e5c614_23.conda
  sha256: 07348ac1da6697b72623be27f145c0fbaa03a123244a0289f1c6779a889e8339
  md5: 207116d6cb3762c83661bb49e6976e7d
  depends:
  - clang_impl_osx-64 18.1.8 h6a44ed1_23
  license: BSD-3-Clause
  license_family: BSD
  purls: []
  size: 21092
  timestamp: 1731984970165
- conda: https://conda.anaconda.org/conda-forge/osx-64/clangxx-18.1.8-default_heb2e8d1_7.conda
  sha256: a1b0a353fbc465034ceafa6dbf3cf6e4ce9be07088bb38e44e30c9ab1265057e
  md5: f2ec690c4ac8d9e6ffbf3be019d68170
  depends:
  - clang 18.1.8 default_h576c50e_7
  - libcxx-devel 18.1.8.*
  license: Apache-2.0 WITH LLVM-exception
  license_family: Apache
  purls: []
  size: 71187
  timestamp: 1738270260674
- conda: https://conda.anaconda.org/conda-forge/noarch/click-8.1.8-pyh707e725_0.conda
  sha256: c920d23cd1fcf565031c679adb62d848af60d6fbb0edc2d50ba475cea4f0d8ab
  md5: f22f4d4970e09d68a10b922cbb0408d3
  depends:
  - __unix
  - python >=3.9
  license: BSD-3-Clause
  license_family: BSD
  purls:
  - pkg:pypi/click?source=hash-mapping
  size: 84705
  timestamp: 1734858922844
- conda: https://conda.anaconda.org/conda-forge/osx-64/compiler-rt-18.1.8-h1020d70_1.conda
  sha256: 30bd259ad8909c02ee9da8b13bf7c9f6dc0f4d6fa3c5d1cd82213180ca5f9c03
  md5: bc1714a1e73be18e411cff30dc1fe011
  depends:
  - __osx >=10.13
  - clang 18.1.8.*
  - clangxx 18.1.8.*
  - compiler-rt_osx-64 18.1.8.*
  license: Apache-2.0 WITH LLVM-exception
  license_family: APACHE
  purls: []
  size: 95345
  timestamp: 1725258125808
- conda: https://conda.anaconda.org/conda-forge/noarch/compiler-rt_osx-64-18.1.8-hf2b8a54_1.conda
  sha256: 1230fe22d190002693ba77cf8af754416d6ea7121707b74a7cd8ddc537f98bdb
  md5: 76f906e6bdc58976c5593f650290ae20
  depends:
  - clang 18.1.8.*
  - clangxx 18.1.8.*
  constrains:
  - compiler-rt 18.1.8
  license: Apache-2.0 WITH LLVM-exception
  license_family: APACHE
  purls: []
  size: 10420490
  timestamp: 1725258080385
- conda: https://conda.anaconda.org/conda-forge/osx-64/icu-75.1-h120a0e1_0.conda
  sha256: 2e64307532f482a0929412976c8450c719d558ba20c0962832132fd0d07ba7a7
  md5: d68d48a3060eb5abdc1cdc8e2a3a5966
  depends:
  - __osx >=10.13
  license: MIT
  license_family: MIT
  purls: []
  size: 11761697
  timestamp: 1720853679409
- conda: https://conda.anaconda.org/conda-forge/osx-64/ld64-951.9-h4e51db5_3.conda
  sha256: 36e5a42c7aebad58d629c6bc1cb36243653a935e609e03a89b22005aa4ab2ddb
  md5: d1743e343b8e13a4980dac16f050d2b6
  depends:
  - ld64_osx-64 951.9 h33512f0_3
  - libllvm18 >=18.1.8,<18.2.0a0
  constrains:
  - cctools 1010.6.*
  - cctools_osx-64 1010.6.*
  license: APSL-2.0
  license_family: Other
  purls: []
  size: 18577
  timestamp: 1738620853804
- conda: https://conda.anaconda.org/conda-forge/osx-64/ld64_osx-64-951.9-h33512f0_3.conda
  sha256: 4e6a37e3ea23a3d2f9b25b1b476728be6b5a1bab326fa5a976997698c60f70c0
  md5: f5c97cad6996928bdffc55b8f5e70723
  depends:
  - __osx >=10.13
  - libcxx
  - libllvm18 >=18.1.8,<18.2.0a0
  - sigtool
  - tapi >=1300.6.5,<1301.0a0
  constrains:
  - clang >=18.1.8,<19.0a0
  - ld 951.9.*
  - cctools_osx-64 1010.6.*
  - cctools 1010.6.*
  license: APSL-2.0
  license_family: Other
  purls: []
  size: 1100751
  timestamp: 1738620763081
- conda: https://conda.anaconda.org/conda-forge/osx-64/libclang-cpp18.1-18.1.8-default_h3571c67_7.conda
  sha256: 81917105ee2f49e85f0abd684696ad9d9a81aef9d825e563e0013fd9a1ccbd23
  md5: d22bdc2b1ecf45631c5aad91f660623a
  depends:
  - __osx >=10.13
  - libcxx >=18.1.8
  - libllvm18 >=18.1.8,<18.2.0a0
  license: Apache-2.0 WITH LLVM-exception
  license_family: Apache
  purls: []
  size: 13901227
  timestamp: 1738269502537
- conda: https://conda.anaconda.org/conda-forge/osx-64/libcxx-19.1.7-hf95d169_0.conda
  sha256: 6b2fa3fb1e8cd2000b0ed259e0c4e49cbef7b76890157fac3e494bc659a20330
  md5: 4b8f8dc448d814169dbc58fc7286057d
  depends:
  - __osx >=10.13
  license: Apache-2.0 WITH LLVM-exception
  license_family: Apache
  purls: []
  size: 527924
  timestamp: 1736877256721
- conda: https://conda.anaconda.org/conda-forge/osx-64/libcxx-devel-18.1.8-h7c275be_7.conda
  sha256: 5d886a04be00a5a54a81fb040aacd238d0d55d4522c61c7875b675b803c748a3
  md5: 0c389f3214ce8cad37a12cb0bae44c54
  depends:
  - libcxx >=18.1.8
  license: Apache-2.0 WITH LLVM-exception
  license_family: Apache
  purls: []
  size: 792227
  timestamp: 1725403715206
- conda: https://conda.anaconda.org/conda-forge/osx-64/libexpat-2.6.4-h240833e_0.conda
  sha256: d10f43d0c5df6c8cf55259bce0fe14d2377eed625956cddce06f58827d288c59
  md5: 20307f4049a735a78a29073be1be2626
  depends:
  - __osx >=10.13
  constrains:
  - expat 2.6.4.*
  license: MIT
  license_family: MIT
  purls: []
  size: 70758
  timestamp: 1730967204736
- conda: https://conda.anaconda.org/conda-forge/osx-64/libffi-3.4.6-h281671d_0.conda
  sha256: 7805fdc536a3da7fb63dc48e040105cd4260c69a1d2bf5804dadd31bde8bab51
  md5: b8667b0d0400b8dcb6844d8e06b2027d
  depends:
  - __osx >=10.13
  license: MIT
  license_family: MIT
  purls: []
  size: 47258
  timestamp: 1739260651925
- conda: https://conda.anaconda.org/conda-forge/osx-64/libiconv-1.18-h4b5e92a_0.conda
  sha256: 63ed6a73653794d19ccd1271c462305ecab446b38b36884b6be96befe3f8876f
  md5: 475d1f78a0155dbe159b6c20a574abdf
  depends:
  - __osx >=10.13
  license: LGPL-2.1-only
  purls: []
  size: 671575
  timestamp: 1739867181172
- conda: https://conda.anaconda.org/conda-forge/osx-64/libllvm18-18.1.8-hc29ff6c_3.conda
  sha256: c488d96dcd0b2db0438b9ec7ea92627c1c36aa21491ebcd5cc87a9c58aa0a612
  md5: a04c2fc058fd6b0630c1a2faad322676
  depends:
  - __osx >=10.13
  - libcxx >=18
  - libxml2 >=2.13.5,<3.0a0
  - libzlib >=1.3.1,<2.0a0
  - zstd >=1.5.6,<1.6.0a0
  license: Apache-2.0 WITH LLVM-exception
  license_family: Apache
  purls: []
  size: 27771340
  timestamp: 1737837075440
- conda: https://conda.anaconda.org/conda-forge/osx-64/liblzma-5.6.4-hd471939_0.conda
  sha256: a895b5b16468a6ed436f022d72ee52a657f9b58214b91fabfab6230e3592a6dd
  md5: db9d7b0152613f097cdb61ccf9f70ef5
  depends:
  - __osx >=10.13
  license: 0BSD
  purls: []
  size: 103749
  timestamp: 1738525448522
- conda: https://conda.anaconda.org/conda-forge/osx-64/libmpdec-4.0.0-hfdf4475_0.conda
  sha256: 791be3d30d8e37ec49bcc23eb8f1e1415d911a7c023fa93685f2ea485179e258
  md5: ed625b2e59dff82859c23dd24774156b
  depends:
  - __osx >=10.13
  license: BSD-2-Clause
  license_family: BSD
  purls: []
  size: 76561
  timestamp: 1723817691512
- conda: https://conda.anaconda.org/conda-forge/osx-64/libpython-static-3.13.2-hd0cd83d_101_cp313.conda
  build_number: 101
  sha256: 26537b406d3d7d4cb844776e7e7342a44b0456f7f945d06a608fcff8fec56898
  md5: 19beb6903cc88d95d3f04ec3a9187fa0
  depends:
  - __osx >=10.13
  - libcxx >=18
  - python >=3.13,<3.14.0a0 h534c281_101_cp313
  license: Python-2.0
  purls: []
  size: 11056818
  timestamp: 1739802171956
- conda: https://conda.anaconda.org/conda-forge/osx-64/libsqlite-3.49.1-hdb6dae5_0.conda
  sha256: 02fc26551d72e7d56684c42fd6e3cc193c2bc1bc021e9e002570ba23f1bfcee5
  md5: 54b5cf6b6cb777d5a742ac5fe2a72bde
  depends:
  - __osx >=10.13
  - libzlib >=1.3.1,<2.0a0
  license: Unlicense
  purls: []
  size: 977730
  timestamp: 1739903983235
- conda: https://conda.anaconda.org/conda-forge/osx-64/libxml2-2.13.5-hebb159f_1.conda
  sha256: b9332bd8d47a72b7b8fa2ae13c24387ed4f5fd4e1f7ecf0031068c6a755267ae
  md5: 23c629eba5239465a34bca0ed9c0b5d3
  depends:
  - __osx >=10.13
  - icu >=75.1,<76.0a0
  - libiconv >=1.17,<2.0a0
  - liblzma >=5.6.3,<6.0a0
  - libzlib >=1.3.1,<2.0a0
  license: MIT
  license_family: MIT
  purls: []
  size: 608447
  timestamp: 1733443783886
- conda: https://conda.anaconda.org/conda-forge/osx-64/libzlib-1.3.1-hd23fc13_2.conda
  sha256: 8412f96504fc5993a63edf1e211d042a1fd5b1d51dedec755d2058948fcced09
  md5: 003a54a4e32b02f7355b50a837e699da
  depends:
  - __osx >=10.13
  constrains:
  - zlib 1.3.1 *_2
  license: Zlib
  license_family: Other
  purls: []
  size: 57133
  timestamp: 1727963183990
- conda: https://conda.anaconda.org/conda-forge/osx-64/llvm-openmp-19.1.7-ha54dae1_0.conda
  sha256: b5b06821b0d4143f66ba652ffe6f535696dc3a4096175d9be8b19b1a7350c86d
  md5: 65d08c50518999e69f421838c1d5b91f
  depends:
  - __osx >=10.13
  constrains:
  - openmp 19.1.7|19.1.7.*
  license: Apache-2.0 WITH LLVM-exception
  license_family: APACHE
  purls: []
  size: 304885
  timestamp: 1736986327031
- conda: https://conda.anaconda.org/conda-forge/osx-64/llvm-tools-18.1.8-hc29ff6c_3.conda
  sha256: 694ec5d1753cfff97785f3833173c1277d0ca0711d7c78ffc1011b40e7842741
  md5: 2585f8254d2ce24399a601e9b4e15652
  depends:
  - __osx >=10.13
  - libllvm18 18.1.8 hc29ff6c_3
  - libxml2 >=2.13.5,<3.0a0
  - libzlib >=1.3.1,<2.0a0
  - llvm-tools-18 18.1.8 hc29ff6c_3
  - zstd >=1.5.6,<1.6.0a0
  constrains:
  - clang       18.1.8
  - llvm        18.1.8
  - clang-tools 18.1.8
  - llvmdev     18.1.8
  license: Apache-2.0 WITH LLVM-exception
  license_family: Apache
  purls: []
  size: 88081
  timestamp: 1737837724397
- conda: https://conda.anaconda.org/conda-forge/osx-64/llvm-tools-18-18.1.8-hc29ff6c_3.conda
  sha256: 7a302073bd476d19474272471a5ed7ecec935e65fe16bb3f35e3d5d070ce0466
  md5: 61dfcd8dc654e2ca399a214641ab549f
  depends:
  - __osx >=10.13
  - libllvm18 18.1.8 hc29ff6c_3
  - libxml2 >=2.13.5,<3.0a0
  - libzlib >=1.3.1,<2.0a0
  - zstd >=1.5.6,<1.6.0a0
  license: Apache-2.0 WITH LLVM-exception
  license_family: Apache
  purls: []
  size: 25229705
  timestamp: 1737837655816
- conda: https://conda.anaconda.org/conda-forge/noarch/mypy_extensions-1.0.0-pyha770c72_1.conda
  sha256: 1895f47b7d68581a6facde5cb13ab8c2764c2e53a76bd746f8f98910dc4e08fe
  md5: 29097e7ea634a45cc5386b95cac6568f
  depends:
  - python >=3.9
  license: MIT
  license_family: MIT
  purls:
  - pkg:pypi/mypy-extensions?source=hash-mapping
  size: 10854
  timestamp: 1733230986902
- conda: https://conda.anaconda.org/conda-forge/osx-64/ncurses-6.5-h0622a9a_3.conda
  sha256: ea4a5d27ded18443749aefa49dc79f6356da8506d508b5296f60b8d51e0c4bd9
  md5: ced34dd9929f491ca6dab6a2927aff25
  depends:
  - __osx >=10.13
  license: X11 AND BSD-3-Clause
  purls: []
  size: 822259
  timestamp: 1738196181298
- conda: https://conda.anaconda.org/conda-forge/osx-64/nuitka-2.6.6-py313hbcc4d51_0.conda
  sha256: 30680adad1e29ddc3c35940bd3d35fc838a856fee66161dcfdd431c30caf84ac
  md5: 2d4593552e78fb2be658b9f36a03b543
  depends:
  - c-compiler
  - libpython-static
  - ordered-set
  - python >=3.13,<3.14.0a0
  - python_abi 3.13.* *_cp313
  license: Apache-2.0
  license_family: Apache
  purls:
  - pkg:pypi/nuitka?source=hash-mapping
  size: 4305669
  timestamp: 1739694176627
- conda: https://conda.anaconda.org/conda-forge/osx-64/openssl-3.4.1-hc426f3f_0.conda
  sha256: 505a46671dab5d66df8e684f99a9ae735a607816b12810b572d63caa512224df
  md5: a7d63f8e7ab23f71327ea6d27e2d5eae
  depends:
  - __osx >=10.13
  - ca-certificates
  license: Apache-2.0
  license_family: Apache
  purls: []
  size: 2591479
  timestamp: 1739302628009
- conda: https://conda.anaconda.org/conda-forge/noarch/ordered-set-4.1.0-pyhd8ed1ab_1.conda
  sha256: 5c0afaab3e9746753b34b676b5c639ae323075427068366f7cae5bd7931df67b
  md5: a130daf1699f927040956d3378baf0f2
  depends:
  - python >=3.9
  license: MIT
  license_family: MIT
  purls:
  - pkg:pypi/ordered-set?source=hash-mapping
  size: 13912
  timestamp: 1733928005043
- conda: https://conda.anaconda.org/conda-forge/noarch/packaging-24.2-pyhd8ed1ab_2.conda
  sha256: da157b19bcd398b9804c5c52fc000fcb8ab0525bdb9c70f95beaa0bb42f85af1
  md5: 3bfed7e6228ebf2f7b9eaa47f1b4e2aa
  depends:
  - python >=3.8
  license: Apache-2.0
  license_family: APACHE
  purls:
  - pkg:pypi/packaging?source=hash-mapping
  size: 60164
  timestamp: 1733203368787
- conda: https://conda.anaconda.org/conda-forge/noarch/pathspec-0.12.1-pyhd8ed1ab_1.conda
  sha256: 9f64009cdf5b8e529995f18e03665b03f5d07c0b17445b8badef45bde76249ee
  md5: 617f15191456cc6a13db418a275435e5
  depends:
  - python >=3.9
  license: MPL-2.0
  license_family: MOZILLA
  purls:
  - pkg:pypi/pathspec?source=hash-mapping
  size: 41075
  timestamp: 1733233471940
- conda: https://conda.anaconda.org/conda-forge/noarch/pixi-pycharm-0.0.8-unix_1234567_0.conda
  sha256: 1d59b9dc7d922846f594fc17d9ea034f569d7e6946eaa06a98474bee2f413b66
  md5: 94373edcca5bd8582588c658859b8f70
  depends:
  - __unix
  - python >=3.8
  license: BSD-3-Clause
  license_family: BSD
  purls: []
  size: 8861
  timestamp: 1728816803073
- conda: https://conda.anaconda.org/conda-forge/noarch/platformdirs-4.3.6-pyhd8ed1ab_1.conda
  sha256: bb50f6499e8bc1d1a26f17716c97984671121608dc0c3ecd34858112bce59a27
  md5: 577852c7e53901ddccc7e6a9959ddebe
  depends:
  - python >=3.9
  license: MIT
  license_family: MIT
  purls:
  - pkg:pypi/platformdirs?source=hash-mapping
  size: 20448
  timestamp: 1733232756001
- pypi: https://files.pythonhosted.org/packages/2c/10/85e3a06b5b3dee5770e3ccb1d78ef629a4d220df14c5ca95774b30562241/pygame_ce-2.5.3-cp313-cp313-macosx_10_13_x86_64.whl
  name: pygame-ce
  version: 2.5.3
  sha256: 6a60622da82b16ebb5da95bd6f3a6fc41d312ec0505c9333ec0eeaed74c78123
  requires_python: '>=3.9'
- conda: https://conda.anaconda.org/conda-forge/osx-64/python-3.13.2-h534c281_101_cp313.conda
  build_number: 101
  sha256: 19abb6ba8a1af6985934a48f05fccd29ecc54926febdb8b3803f30134c518b34
  md5: 2e883c630979a183e23a510d470194e2
  depends:
  - __osx >=10.13
  - bzip2 >=1.0.8,<2.0a0
  - libexpat >=2.6.4,<3.0a0
  - libffi >=3.4,<4.0a0
  - liblzma >=5.6.4,<6.0a0
  - libmpdec >=4.0.0,<5.0a0
  - libsqlite >=3.48.0,<4.0a0
  - libzlib >=1.3.1,<2.0a0
  - ncurses >=6.5,<7.0a0
  - openssl >=3.4.1,<4.0a0
  - python_abi 3.13.* *_cp313
  - readline >=8.2,<9.0a0
  - tk >=8.6.13,<8.7.0a0
  - tzdata
  license: Python-2.0
  purls: []
  size: 13961675
  timestamp: 1739802065430
  python_site_packages_path: lib/python3.13/site-packages
- conda: https://conda.anaconda.org/conda-forge/osx-64/python_abi-3.13-5_cp313.conda
  build_number: 5
  sha256: 075ad768648e88b78d2a94099563b43d3082e7c35979f457164f26d1079b7b5c
  md5: 927a2186f1f997ac018d67c4eece90a6
  constrains:
  - python 3.13.* *_cp313
  license: BSD-3-Clause
  license_family: BSD
  purls: []
  size: 6291
  timestamp: 1723823083064
- conda: https://conda.anaconda.org/conda-forge/osx-64/readline-8.2-h9e318b2_1.conda
  sha256: 41e7d30a097d9b060037f0c6a2b1d4c4ae7e942c06c943d23f9d481548478568
  md5: f17f77f2acf4d344734bda76829ce14e
  depends:
  - ncurses >=6.3,<7.0a0
  license: GPL-3.0-only
  license_family: GPL
  purls: []
  size: 255870
  timestamp: 1679532707590
- conda: https://conda.anaconda.org/conda-forge/osx-64/sigtool-0.1.3-h88f4db0_0.tar.bz2
  sha256: 46fdeadf8f8d725819c4306838cdfd1099cd8fe3e17bd78862a5dfdcd6de61cf
  md5: fbfb84b9de9a6939cb165c02c69b1865
  depends:
  - openssl >=3.0.0,<4.0a0
  license: MIT
  license_family: MIT
  purls: []
  size: 213817
  timestamp: 1643442169866
- conda: https://conda.anaconda.org/conda-forge/osx-64/tapi-1300.6.5-h390ca13_0.conda
  sha256: f97372a1c75b749298cb990405a690527e8004ff97e452ed2c59e4bc6a35d132
  md5: c6ee25eb54accb3f1c8fc39203acfaf1
  depends:
  - __osx >=10.13
  - libcxx >=17.0.0.a0
  - ncurses >=6.5,<7.0a0
  license: NCSA
  license_family: MIT
  purls: []
  size: 221236
  timestamp: 1725491044729
- conda: https://conda.anaconda.org/conda-forge/osx-64/tk-8.6.13-h1abcd95_1.conda
  sha256: 30412b2e9de4ff82d8c2a7e5d06a15f4f4fef1809a72138b6ccb53a33b26faf5
  md5: bf830ba5afc507c6232d4ef0fb1a882d
  depends:
  - libzlib >=1.2.13,<2.0.0a0
  license: TCL
  license_family: BSD
  purls: []
  size: 3270220
  timestamp: 1699202389792
- conda: https://conda.anaconda.org/conda-forge/noarch/tzdata-2025a-h78e105d_0.conda
  sha256: c4b1ae8a2931fe9b274c44af29c5475a85b37693999f8c792dad0f8c6734b1de
  md5: dbcace4706afdfb7eb891f7b37d07c04
  license: LicenseRef-Public-Domain
  purls: []
  size: 122921
  timestamp: 1737119101255
- conda: https://conda.anaconda.org/conda-forge/osx-64/zstd-1.5.6-h915ae27_0.conda
  sha256: efa04a98cb149643fa54c4dad5a0179e36a5fbc88427ea0eec88ceed87fd0f96
  md5: 4cb2cd56f039b129bb0e491c1164167e
  depends:
  - __osx >=10.9
  - libzlib >=1.2.13,<2.0.0a0
  license: BSD-3-Clause
  license_family: BSD
  purls: []
  size: 498900
  timestamp: 1714723303098
