version: 6
environments:
  default:
    channels:
    - url: https://conda.anaconda.org/conda-forge/
    - url: https://conda.anaconda.org/pip/
    indexes:
    - https://pypi.org/simple
    packages:
      osx-64:
      - conda: https://conda.anaconda.org/conda-forge/noarch/aspy.refactor-imports-2.1.1-pyh9f0ad1d_0.tar.bz2
      - conda: https://conda.anaconda.org/conda-forge/osx-64/black-25.1.0-py313habf4b1d_0.conda
      - conda: https://conda.anaconda.org/conda-forge/osx-64/bzip2-1.0.8-hfdf4475_7.conda
      - conda: https://conda.anaconda.org/conda-forge/osx-64/ca-certificates-2025.1.31-h8857fd0_0.conda
      - conda: https://conda.anaconda.org/conda-forge/noarch/cached-property-1.5.2-hd8ed1ab_1.tar.bz2
      - conda: https://conda.anaconda.org/conda-forge/noarch/cached_property-1.5.2-pyha770c72_1.tar.bz2
      - conda: https://conda.anaconda.org/conda-forge/noarch/classify-imports-4.1.0-pyhd8ed1ab_0.tar.bz2
      - conda: https://conda.anaconda.org/conda-forge/noarch/click-8.1.8-pyh707e725_0.conda
      - conda: https://conda.anaconda.org/conda-forge/noarch/flake8-7.1.2-pyhd8ed1ab_0.conda
      - conda: https://conda.anaconda.org/conda-forge/noarch/flake8-type-checking-3.0.0-pyhd8ed1ab_0.conda
      - conda: https://conda.anaconda.org/conda-forge/osx-64/libcxx-19.1.7-hf95d169_0.conda
      - conda: https://conda.anaconda.org/conda-forge/osx-64/libexpat-2.6.4-h240833e_0.conda
      - conda: https://conda.anaconda.org/conda-forge/osx-64/libffi-3.4.6-h281671d_0.conda
      - conda: https://conda.anaconda.org/conda-forge/osx-64/liblzma-5.6.4-hd471939_0.conda
      - conda: https://conda.anaconda.org/conda-forge/osx-64/libmpdec-4.0.0-hfdf4475_0.conda
      - conda: https://conda.anaconda.org/conda-forge/osx-64/libsqlite-3.49.1-hdb6dae5_0.conda
      - conda: https://conda.anaconda.org/conda-forge/osx-64/libzlib-1.3.1-hd23fc13_2.conda
      - conda: https://conda.anaconda.org/conda-forge/noarch/mccabe-0.7.0-pyhd8ed1ab_1.conda
      - conda: https://conda.anaconda.org/conda-forge/osx-64/mypy-1.15.0-py313h63b0ddb_0.conda
      - conda: https://conda.anaconda.org/conda-forge/noarch/mypy_extensions-1.0.0-pyha770c72_1.conda
      - conda: https://conda.anaconda.org/conda-forge/osx-64/ncurses-6.5-h0622a9a_3.conda
      - conda: https://conda.anaconda.org/conda-forge/osx-64/openssl-3.4.1-hc426f3f_0.conda
      - conda: https://conda.anaconda.org/conda-forge/noarch/packaging-24.2-pyhd8ed1ab_2.conda
      - conda: https://conda.anaconda.org/conda-forge/noarch/pathspec-0.12.1-pyhd8ed1ab_1.conda
      - conda: https://conda.anaconda.org/conda-forge/noarch/pixi-pycharm-0.0.8-unix_1234567_0.conda
      - conda: https://conda.anaconda.org/conda-forge/noarch/platformdirs-4.3.6-pyhd8ed1ab_1.conda
      - conda: https://conda.anaconda.org/conda-forge/osx-64/psutil-6.1.1-py313h63b0ddb_0.conda
      - conda: https://conda.anaconda.org/conda-forge/noarch/pycodestyle-2.12.1-pyhd8ed1ab_1.conda
      - conda: https://conda.anaconda.org/conda-forge/noarch/pyflakes-3.2.0-pyhd8ed1ab_1.conda
      - conda: https://conda.anaconda.org/conda-forge/osx-64/python-3.13.2-h534c281_101_cp313.conda
      - conda: https://conda.anaconda.org/conda-forge/osx-64/python_abi-3.13-5_cp313.conda
      - conda: https://conda.anaconda.org/conda-forge/osx-64/readline-8.2-h9e318b2_1.conda
      - conda: https://conda.anaconda.org/conda-forge/osx-64/ruff-0.9.7-py313h2493e73_0.conda
      - conda: https://conda.anaconda.org/conda-forge/osx-64/tk-8.6.13-h1abcd95_1.conda
      - conda: https://conda.anaconda.org/conda-forge/noarch/typing_extensions-4.12.2-pyha770c72_1.conda
      - conda: https://conda.anaconda.org/conda-forge/noarch/tzdata-2025a-h78e105d_0.conda
      - pypi: https://files.pythonhosted.org/packages/2c/10/85e3a06b5b3dee5770e3ccb1d78ef629a4d220df14c5ca95774b30562241/pygame_ce-2.5.3-cp313-cp313-macosx_10_13_x86_64.whl
packages:
- conda: https://conda.anaconda.org/conda-forge/noarch/aspy.refactor-imports-2.1.1-pyh9f0ad1d_0.tar.bz2
  sha256: 32d305247b09774701156d2adf1d142030346ef5d2dbfa221fd4005c80c09f55
  md5: a4194676a7860903b5b4ced6aaf36991
  depends:
  - cached-property
  - python
  license: MIT
  license_family: MIT
  purls:
  - pkg:pypi/aspy-refactor-imports?source=hash-mapping
  size: 10379
  timestamp: 1588890362404
- conda: https://conda.anaconda.org/conda-forge/osx-64/black-25.1.0-py313habf4b1d_0.conda
  sha256: 293c0048448eec702c58f12aa7ccab71102e5e61482d3ad6439208ab4d7b5ada
  md5: c4f8ef5281c64a0f15ec659e51bb079f
  depends:
  - click >=8.0.0
  - mypy_extensions >=0.4.3
  - packaging >=22.0
  - pathspec >=0.9
  - platformdirs >=2
  - python >=3.13,<3.14.0a0
  - python_abi 3.13.* *_cp313
  license: MIT
  license_family: MIT
  purls:
  - pkg:pypi/black?source=hash-mapping
  size: 401564
  timestamp: 1738616279268
- conda: https://conda.anaconda.org/conda-forge/osx-64/bzip2-1.0.8-hfdf4475_7.conda
  sha256: cad153608b81fb24fc8c509357daa9ae4e49dfc535b2cb49b91e23dbd68fc3c5
  md5: 7ed4301d437b59045be7e051a0308211
  depends:
  - __osx >=10.13
  license: bzip2-1.0.6
  license_family: BSD
  purls: []
  size: 134188
  timestamp: 1720974491916
- conda: https://conda.anaconda.org/conda-forge/osx-64/ca-certificates-2025.1.31-h8857fd0_0.conda
  sha256: 42e911ee2d8808eacedbec46d99b03200a6138b8e8a120bd8acabe1cac41c63b
  md5: 3418b6c8cac3e71c0bc089fc5ea53042
  license: ISC
  purls: []
  size: 158408
  timestamp: 1738298385933
- conda: https://conda.anaconda.org/conda-forge/noarch/cached-property-1.5.2-hd8ed1ab_1.tar.bz2
  noarch: python
  sha256: 561e6660f26c35d137ee150187d89767c988413c978e1b712d53f27ddf70ea17
  md5: 9b347a7ec10940d3f7941ff6c460b551
  depends:
  - cached_property >=1.5.2,<1.5.3.0a0
  license: BSD-3-Clause
  license_family: BSD
  purls: []
  size: 4134
  timestamp: 1615209571450
- conda: https://conda.anaconda.org/conda-forge/noarch/cached_property-1.5.2-pyha770c72_1.tar.bz2
  sha256: 6dbf7a5070cc43d90a1e4c2ec0c541c69d8e30a0e25f50ce9f6e4a432e42c5d7
  md5: 576d629e47797577ab0f1b351297ef4a
  depends:
  - python >=3.6
  license: BSD-3-Clause
  license_family: BSD
  purls:
  - pkg:pypi/cached-property?source=hash-mapping
  size: 11065
  timestamp: 1615209567874
- conda: https://conda.anaconda.org/conda-forge/noarch/classify-imports-4.1.0-pyhd8ed1ab_0.tar.bz2
  sha256: 77702bebbbeb8627386ad6f674fdb6bf73cc2fabefb2267152abed03bc12b94d
  md5: 42c78743b6f48457a3bdf2fa854d25f8
  depends:
  - python >=3.7
  license: MIT
  license_family: MIT
  purls:
  - pkg:pypi/classify-imports?source=hash-mapping
  size: 9777
  timestamp: 1659023385236
- conda: https://conda.anaconda.org/conda-forge/noarch/click-8.1.8-pyh707e725_0.conda
  sha256: c920d23cd1fcf565031c679adb62d848af60d6fbb0edc2d50ba475cea4f0d8ab
  md5: f22f4d4970e09d68a10b922cbb0408d3
  depends:
  - __unix
  - python >=3.9
  license: BSD-3-Clause
  license_family: BSD
  purls:
  - pkg:pypi/click?source=hash-mapping
  size: 84705
  timestamp: 1734858922844
- conda: https://conda.anaconda.org/conda-forge/noarch/flake8-7.1.2-pyhd8ed1ab_0.conda
  sha256: a8ac1bf60dcc317e35614bfb5e49ff63a4874ccfc8212c3771fe0837946e9afe
  md5: 5811f74de55030cb5f4054ab9a846139
  depends:
  - mccabe >=0.7.0,<0.8.0
  - pycodestyle >=2.12.0,<2.13.0
  - pyflakes >=3.2.0,<3.3.0
  - python >=3.9
  license: MIT
  license_family: MIT
  purls:
  - pkg:pypi/flake8?source=hash-mapping
  size: 110777
  timestamp: 1739898510905
- conda: https://conda.anaconda.org/conda-forge/noarch/flake8-type-checking-3.0.0-pyhd8ed1ab_0.conda
  sha256: e5e483120fc0545d57ac08d682f973f74883cb72207a2f9e86a047a4bafbc19b
  md5: 31b03d364031863e2525a4347da0a982
  depends:
  - aspy.refactor-imports
  - classify-imports
  - flake8
  - python >=3.9
  license: BSD-3-Clause
  license_family: BSD
  purls:
  - pkg:pypi/flake8-type-checking?source=hash-mapping
  size: 34225
  timestamp: 1737217442800
- conda: https://conda.anaconda.org/conda-forge/osx-64/libcxx-19.1.7-hf95d169_0.conda
  sha256: 6b2fa3fb1e8cd2000b0ed259e0c4e49cbef7b76890157fac3e494bc659a20330
  md5: 4b8f8dc448d814169dbc58fc7286057d
  depends:
  - __osx >=10.13
  license: Apache-2.0 WITH LLVM-exception
  license_family: Apache
  purls: []
  size: 527924
  timestamp: 1736877256721
- conda: https://conda.anaconda.org/conda-forge/osx-64/libexpat-2.6.4-h240833e_0.conda
  sha256: d10f43d0c5df6c8cf55259bce0fe14d2377eed625956cddce06f58827d288c59
  md5: 20307f4049a735a78a29073be1be2626
  depends:
  - __osx >=10.13
  constrains:
  - expat 2.6.4.*
  license: MIT
  license_family: MIT
  purls: []
  size: 70758
  timestamp: 1730967204736
- conda: https://conda.anaconda.org/conda-forge/osx-64/libffi-3.4.6-h281671d_0.conda
  sha256: 7805fdc536a3da7fb63dc48e040105cd4260c69a1d2bf5804dadd31bde8bab51
  md5: b8667b0d0400b8dcb6844d8e06b2027d
  depends:
  - __osx >=10.13
  license: MIT
  license_family: MIT
  purls: []
  size: 47258
  timestamp: 1739260651925
- conda: https://conda.anaconda.org/conda-forge/osx-64/liblzma-5.6.4-hd471939_0.conda
  sha256: a895b5b16468a6ed436f022d72ee52a657f9b58214b91fabfab6230e3592a6dd
  md5: db9d7b0152613f097cdb61ccf9f70ef5
  depends:
  - __osx >=10.13
  license: 0BSD
  purls: []
  size: 103749
  timestamp: 1738525448522
- conda: https://conda.anaconda.org/conda-forge/osx-64/libmpdec-4.0.0-hfdf4475_0.conda
  sha256: 791be3d30d8e37ec49bcc23eb8f1e1415d911a7c023fa93685f2ea485179e258
  md5: ed625b2e59dff82859c23dd24774156b
  depends:
  - __osx >=10.13
  license: BSD-2-Clause
  license_family: BSD
  purls: []
  size: 76561
  timestamp: 1723817691512
- conda: https://conda.anaconda.org/conda-forge/osx-64/libsqlite-3.49.1-hdb6dae5_0.conda
  sha256: 02fc26551d72e7d56684c42fd6e3cc193c2bc1bc021e9e002570ba23f1bfcee5
  md5: 54b5cf6b6cb777d5a742ac5fe2a72bde
  depends:
  - __osx >=10.13
  - libzlib >=1.3.1,<2.0a0
  license: Unlicense
  purls: []
  size: 977730
  timestamp: 1739903983235
- conda: https://conda.anaconda.org/conda-forge/osx-64/libzlib-1.3.1-hd23fc13_2.conda
  sha256: 8412f96504fc5993a63edf1e211d042a1fd5b1d51dedec755d2058948fcced09
  md5: 003a54a4e32b02f7355b50a837e699da
  depends:
  - __osx >=10.13
  constrains:
  - zlib 1.3.1 *_2
  license: Zlib
  license_family: Other
  purls: []
  size: 57133
  timestamp: 1727963183990
- conda: https://conda.anaconda.org/conda-forge/noarch/mccabe-0.7.0-pyhd8ed1ab_1.conda
  sha256: 9b0037171dad0100f0296699a11ae7d355237b55f42f9094aebc0f41512d96a1
  md5: 827064ddfe0de2917fb29f1da4f8f533
  depends:
  - python >=3.9
  license: MIT
  license_family: MIT
  purls:
  - pkg:pypi/mccabe?source=hash-mapping
  size: 12934
  timestamp: 1733216573915
- conda: https://conda.anaconda.org/conda-forge/osx-64/mypy-1.15.0-py313h63b0ddb_0.conda
  sha256: ec50dc7be70eff5008d73b4bd29fba72e02e499e9b60060a49ece4c1e12a9d55
  md5: e9dc60a2c2c62f4d2e24f61603f00bdc
  depends:
  - __osx >=10.13
  - mypy_extensions >=1.0.0
  - psutil >=4.0
  - python >=3.13,<3.14.0a0
  - python_abi 3.13.* *_cp313
  - typing_extensions >=4.1.0
  license: MIT
  license_family: MIT
  purls:
  - pkg:pypi/mypy?source=hash-mapping
  size: 11022410
  timestamp: 1738768159908
- conda: https://conda.anaconda.org/conda-forge/noarch/mypy_extensions-1.0.0-pyha770c72_1.conda
  sha256: 1895f47b7d68581a6facde5cb13ab8c2764c2e53a76bd746f8f98910dc4e08fe
  md5: 29097e7ea634a45cc5386b95cac6568f
  depends:
  - python >=3.9
  license: MIT
  license_family: MIT
  purls:
  - pkg:pypi/mypy-extensions?source=hash-mapping
  size: 10854
  timestamp: 1733230986902
- conda: https://conda.anaconda.org/conda-forge/osx-64/ncurses-6.5-h0622a9a_3.conda
  sha256: ea4a5d27ded18443749aefa49dc79f6356da8506d508b5296f60b8d51e0c4bd9
  md5: ced34dd9929f491ca6dab6a2927aff25
  depends:
  - __osx >=10.13
  license: X11 AND BSD-3-Clause
  purls: []
  size: 822259
  timestamp: 1738196181298
- conda: https://conda.anaconda.org/conda-forge/osx-64/openssl-3.4.1-hc426f3f_0.conda
  sha256: 505a46671dab5d66df8e684f99a9ae735a607816b12810b572d63caa512224df
  md5: a7d63f8e7ab23f71327ea6d27e2d5eae
  depends:
  - __osx >=10.13
  - ca-certificates
  license: Apache-2.0
  license_family: Apache
  purls: []
  size: 2591479
  timestamp: 1739302628009
- conda: https://conda.anaconda.org/conda-forge/noarch/packaging-24.2-pyhd8ed1ab_2.conda
  sha256: da157b19bcd398b9804c5c52fc000fcb8ab0525bdb9c70f95beaa0bb42f85af1
  md5: 3bfed7e6228ebf2f7b9eaa47f1b4e2aa
  depends:
  - python >=3.8
  license: Apache-2.0
  license_family: APACHE
  purls:
  - pkg:pypi/packaging?source=hash-mapping
  size: 60164
  timestamp: 1733203368787
- conda: https://conda.anaconda.org/conda-forge/noarch/pathspec-0.12.1-pyhd8ed1ab_1.conda
  sha256: 9f64009cdf5b8e529995f18e03665b03f5d07c0b17445b8badef45bde76249ee
  md5: 617f15191456cc6a13db418a275435e5
  depends:
  - python >=3.9
  license: MPL-2.0
  license_family: MOZILLA
  purls:
  - pkg:pypi/pathspec?source=hash-mapping
  size: 41075
  timestamp: 1733233471940
- conda: https://conda.anaconda.org/conda-forge/noarch/pixi-pycharm-0.0.8-unix_1234567_0.conda
  sha256: 1d59b9dc7d922846f594fc17d9ea034f569d7e6946eaa06a98474bee2f413b66
  md5: 94373edcca5bd8582588c658859b8f70
  depends:
  - __unix
  - python >=3.8
  license: BSD-3-Clause
  license_family: BSD
  purls: []
  size: 8861
  timestamp: 1728816803073
- conda: https://conda.anaconda.org/conda-forge/noarch/platformdirs-4.3.6-pyhd8ed1ab_1.conda
  sha256: bb50f6499e8bc1d1a26f17716c97984671121608dc0c3ecd34858112bce59a27
  md5: 577852c7e53901ddccc7e6a9959ddebe
  depends:
  - python >=3.9
  license: MIT
  license_family: MIT
  purls:
  - pkg:pypi/platformdirs?source=hash-mapping
  size: 20448
  timestamp: 1733232756001
- conda: https://conda.anaconda.org/conda-forge/osx-64/psutil-6.1.1-py313h63b0ddb_0.conda
  sha256: 6ce8a7a64fb72fa8b1b3f20058ea345534be3a7b4729768d320f56be67047fc7
  md5: 8538f25c72edf35a53a7281bb7501209
  depends:
  - __osx >=10.13
  - python >=3.13,<3.14.0a0
  - python_abi 3.13.* *_cp313
  license: BSD-3-Clause
  license_family: BSD
  purls:
  - pkg:pypi/psutil?source=hash-mapping
  size: 501460
  timestamp: 1735327516357
- conda: https://conda.anaconda.org/conda-forge/noarch/pycodestyle-2.12.1-pyhd8ed1ab_1.conda
  sha256: 8671d9dcbf458adb6435616ded0fd71925f0fa1b074528604db2f64fac54bf52
  md5: e895db5e6cee923018cbb1656c8ca7fa
  depends:
  - python >=3.9
  license: MIT
  license_family: MIT
  purls:
  - pkg:pypi/pycodestyle?source=hash-mapping
  size: 34350
  timestamp: 1733216302933
- conda: https://conda.anaconda.org/conda-forge/noarch/pyflakes-3.2.0-pyhd8ed1ab_1.conda
  sha256: 22aa7a4d67c3907da5bbf2b97dbe34061c390ea7ba99e9d75ee581956270e129
  md5: 4731450b2c059fc567696242bcb7fc05
  depends:
  - python >=3.9
  license: MIT
  license_family: MIT
  purls:
  - pkg:pypi/pyflakes?source=hash-mapping
  size: 58379
  timestamp: 1733216158448
- pypi: https://files.pythonhosted.org/packages/2c/10/85e3a06b5b3dee5770e3ccb1d78ef629a4d220df14c5ca95774b30562241/pygame_ce-2.5.3-cp313-cp313-macosx_10_13_x86_64.whl
  name: pygame-ce
  version: 2.5.3
  sha256: 6a60622da82b16ebb5da95bd6f3a6fc41d312ec0505c9333ec0eeaed74c78123
  requires_python: '>=3.9'
- conda: https://conda.anaconda.org/conda-forge/osx-64/python-3.13.2-h534c281_101_cp313.conda
  build_number: 101
  sha256: 19abb6ba8a1af6985934a48f05fccd29ecc54926febdb8b3803f30134c518b34
  md5: 2e883c630979a183e23a510d470194e2
  depends:
  - __osx >=10.13
  - bzip2 >=1.0.8,<2.0a0
  - libexpat >=2.6.4,<3.0a0
  - libffi >=3.4,<4.0a0
  - liblzma >=5.6.4,<6.0a0
  - libmpdec >=4.0.0,<5.0a0
  - libsqlite >=3.48.0,<4.0a0
  - libzlib >=1.3.1,<2.0a0
  - ncurses >=6.5,<7.0a0
  - openssl >=3.4.1,<4.0a0
  - python_abi 3.13.* *_cp313
  - readline >=8.2,<9.0a0
  - tk >=8.6.13,<8.7.0a0
  - tzdata
  license: Python-2.0
  purls: []
  size: 13961675
  timestamp: 1739802065430
  python_site_packages_path: lib/python3.13/site-packages
- conda: https://conda.anaconda.org/conda-forge/osx-64/python_abi-3.13-5_cp313.conda
  build_number: 5
  sha256: 075ad768648e88b78d2a94099563b43d3082e7c35979f457164f26d1079b7b5c
  md5: 927a2186f1f997ac018d67c4eece90a6
  constrains:
  - python 3.13.* *_cp313
  license: BSD-3-Clause
  license_family: BSD
  purls: []
  size: 6291
  timestamp: 1723823083064
- conda: https://conda.anaconda.org/conda-forge/osx-64/readline-8.2-h9e318b2_1.conda
  sha256: 41e7d30a097d9b060037f0c6a2b1d4c4ae7e942c06c943d23f9d481548478568
  md5: f17f77f2acf4d344734bda76829ce14e
  depends:
  - ncurses >=6.3,<7.0a0
  license: GPL-3.0-only
  license_family: GPL
  purls: []
  size: 255870
  timestamp: 1679532707590
- conda: https://conda.anaconda.org/conda-forge/osx-64/ruff-0.9.7-py313h2493e73_0.conda
  sha256: 9acda7cad0fe2b9d025f33b284296d7719c546dd0ed7f83c33e87c6b61031bf2
  md5: a18e1e630b7775f89c47497067deb507
  depends:
  - __osx >=10.13
  - libcxx >=18
  - python >=3.13,<3.14.0a0
  - python_abi 3.13.* *_cp313
  constrains:
  - __osx >=10.13
  license: MIT
  license_family: MIT
  purls:
  - pkg:pypi/ruff?source=hash-mapping
  size: 7911602
  timestamp: 1740104011511
- conda: https://conda.anaconda.org/conda-forge/osx-64/tk-8.6.13-h1abcd95_1.conda
  sha256: 30412b2e9de4ff82d8c2a7e5d06a15f4f4fef1809a72138b6ccb53a33b26faf5
  md5: bf830ba5afc507c6232d4ef0fb1a882d
  depends:
  - libzlib >=1.2.13,<2.0.0a0
  license: TCL
  license_family: BSD
  purls: []
  size: 3270220
  timestamp: 1699202389792
- conda: https://conda.anaconda.org/conda-forge/noarch/typing_extensions-4.12.2-pyha770c72_1.conda
  sha256: 337be7af5af8b2817f115b3b68870208b30c31d3439bec07bfb2d8f4823e3568
  md5: d17f13df8b65464ca316cbc000a3cb64
  depends:
  - python >=3.9
  license: PSF-2.0
  license_family: PSF
  purls:
  - pkg:pypi/typing-extensions?source=hash-mapping
  size: 39637
  timestamp: 1733188758212
- conda: https://conda.anaconda.org/conda-forge/noarch/tzdata-2025a-h78e105d_0.conda
  sha256: c4b1ae8a2931fe9b274c44af29c5475a85b37693999f8c792dad0f8c6734b1de
  md5: dbcace4706afdfb7eb891f7b37d07c04
  license: LicenseRef-Public-Domain
  purls: []
  size: 122921
  timestamp: 1737119101255
